// !$*UTF8*$!
{
	archiveVersion = 1;
	classes = {
	};
	objectVersion = 46;
	objects = {

/* Begin PBXBuildFile section */
		D80AC5F31D9B336F0055F300 /* TemplateTests.swift in Sources */ = {isa = PBXBuildFile; fileRef = D80AC5F21D9B336F0055F300 /* TemplateTests.swift */; };
		D8325ED31D986DC800F3EC95 /* CSSLayout.c in Sources */ = {isa = PBXBuildFile; fileRef = D8325EC71D986D5000F3EC95 /* CSSLayout.c */; };
		D8325ED41D986DC800F3EC95 /* CSSLayout.h in Headers */ = {isa = PBXBuildFile; fileRef = D8325EC81D986D5000F3EC95 /* CSSLayout.h */; settings = {ATTRIBUTES = (Public, ); }; };
		D8325ED51D986DC800F3EC95 /* CSSMacros.h in Headers */ = {isa = PBXBuildFile; fileRef = D8325EC91D986D5000F3EC95 /* CSSMacros.h */; settings = {ATTRIBUTES = (Public, ); }; };
		D8325ED61D986DC800F3EC95 /* CSSNodeList.c in Sources */ = {isa = PBXBuildFile; fileRef = D8325ECA1D986D5000F3EC95 /* CSSNodeList.c */; };
		D8325ED71D986DC800F3EC95 /* CSSNodeList.h in Headers */ = {isa = PBXBuildFile; fileRef = D8325ECB1D986D5000F3EC95 /* CSSNodeList.h */; };
		D8325EDC1D987F5500F3EC95 /* XMLDocumentParser.swift in Sources */ = {isa = PBXBuildFile; fileRef = D8325EDB1D987F5500F3EC95 /* XMLDocumentParser.swift */; };
		D8325EDE1D99DDC300F3EC95 /* String.swift in Sources */ = {isa = PBXBuildFile; fileRef = D8325EDD1D99DDC300F3EC95 /* String.swift */; };
		D83936B71D8348C5008CA7F1 /* Component.swift in Sources */ = {isa = PBXBuildFile; fileRef = D83936921D8348C5008CA7F1 /* Component.swift */; };
		D83936B81D8348C5008CA7F1 /* Element.swift in Sources */ = {isa = PBXBuildFile; fileRef = D83936931D8348C5008CA7F1 /* Element.swift */; };
		D83936B91D8348C5008CA7F1 /* Keyable.swift in Sources */ = {isa = PBXBuildFile; fileRef = D83936941D8348C5008CA7F1 /* Keyable.swift */; };
		D83936BA1D8348C5008CA7F1 /* Layout.swift in Sources */ = {isa = PBXBuildFile; fileRef = D83936951D8348C5008CA7F1 /* Layout.swift */; };
		D83936BB1D8348C5008CA7F1 /* Node.swift in Sources */ = {isa = PBXBuildFile; fileRef = D83936961D8348C5008CA7F1 /* Node.swift */; };
		D83936BD1D8348C5008CA7F1 /* Renderer.swift in Sources */ = {isa = PBXBuildFile; fileRef = D83936981D8348C5008CA7F1 /* Renderer.swift */; };
		D83936BE1D8348C5008CA7F1 /* ViewNode.swift in Sources */ = {isa = PBXBuildFile; fileRef = D83936991D8348C5008CA7F1 /* ViewNode.swift */; };
		D83936BF1D8348C5008CA7F1 /* Box.swift in Sources */ = {isa = PBXBuildFile; fileRef = D839369B1D8348C5008CA7F1 /* Box.swift */; };
		D83936C01D8348C5008CA7F1 /* DelegateProxy.swift in Sources */ = {isa = PBXBuildFile; fileRef = D839369C1D8348C5008CA7F1 /* DelegateProxy.swift */; };
		D83936C11D8348C5008CA7F1 /* Image.swift in Sources */ = {isa = PBXBuildFile; fileRef = D839369D1D8348C5008CA7F1 /* Image.swift */; };
		D83936C21D8348C5008CA7F1 /* ImageService.swift in Sources */ = {isa = PBXBuildFile; fileRef = D839369E1D8348C5008CA7F1 /* ImageService.swift */; };
		D83936C31D8348C5008CA7F1 /* NativeNode.swift in Sources */ = {isa = PBXBuildFile; fileRef = D839369F1D8348C5008CA7F1 /* NativeNode.swift */; };
		D83936C41D8348C5008CA7F1 /* NativeView.swift in Sources */ = {isa = PBXBuildFile; fileRef = D83936A01D8348C5008CA7F1 /* NativeView.swift */; };
		D83936C51D8348C5008CA7F1 /* TableView.swift in Sources */ = {isa = PBXBuildFile; fileRef = D83936A11D8348C5008CA7F1 /* TableView.swift */; };
		D83936C61D8348C5008CA7F1 /* Text.swift in Sources */ = {isa = PBXBuildFile; fileRef = D83936A21D8348C5008CA7F1 /* Text.swift */; };
		D83936C71D8348C5008CA7F1 /* TextField.swift in Sources */ = {isa = PBXBuildFile; fileRef = D83936A31D8348C5008CA7F1 /* TextField.swift */; };
		D83936C81D8348C5008CA7F1 /* UIKitRenderer.swift in Sources */ = {isa = PBXBuildFile; fileRef = D83936A41D8348C5008CA7F1 /* UIKitRenderer.swift */; };
		D83936C91D8348C5008CA7F1 /* Error.swift in Sources */ = {isa = PBXBuildFile; fileRef = D83936A61D8348C5008CA7F1 /* Error.swift */; };
		D83936CA1D8348C5008CA7F1 /* Model.swift in Sources */ = {isa = PBXBuildFile; fileRef = D83936A71D8348C5008CA7F1 /* Model.swift */; };
		D83936CB1D8348C5008CA7F1 /* NodeRegistry.swift in Sources */ = {isa = PBXBuildFile; fileRef = D83936A81D8348C5008CA7F1 /* NodeRegistry.swift */; };
		D83936CC1D8348C5008CA7F1 /* Template.swift in Sources */ = {isa = PBXBuildFile; fileRef = D83936A91D8348C5008CA7F1 /* Template.swift */; };
		D83936CD1D8348C5008CA7F1 /* TemplateService.swift in Sources */ = {isa = PBXBuildFile; fileRef = D83936AA1D8348C5008CA7F1 /* TemplateService.swift */; };
		D83936CE1D8348C5008CA7F1 /* Validation.swift in Sources */ = {isa = PBXBuildFile; fileRef = D83936AB1D8348C5008CA7F1 /* Validation.swift */; };
		D83936CF1D8348C5008CA7F1 /* Array.swift in Sources */ = {isa = PBXBuildFile; fileRef = D83936AD1D8348C5008CA7F1 /* Array.swift */; };
		D83936D01D8348C5008CA7F1 /* AsyncQueue.swift in Sources */ = {isa = PBXBuildFile; fileRef = D83936AE1D8348C5008CA7F1 /* AsyncQueue.swift */; };
		D83936D11D8348C5008CA7F1 /* Dictionary.swift in Sources */ = {isa = PBXBuildFile; fileRef = D83936AF1D8348C5008CA7F1 /* Dictionary.swift */; };
		D83936D21D8348C5008CA7F1 /* ResourceService.swift in Sources */ = {isa = PBXBuildFile; fileRef = D83936B01D8348C5008CA7F1 /* ResourceService.swift */; };
		D83936D31D8348C5008CA7F1 /* Result.swift in Sources */ = {isa = PBXBuildFile; fileRef = D83936B11D8348C5008CA7F1 /* Result.swift */; };
		D83936DB1D83497C008CA7F1 /* UIView.swift in Sources */ = {isa = PBXBuildFile; fileRef = D83936DA1D83497C008CA7F1 /* UIView.swift */; };
		D83937061D83513E008CA7F1 /* CSSLayout.framework in Frameworks */ = {isa = PBXBuildFile; fileRef = D83936EE1D834EAE008CA7F1 /* CSSLayout.framework */; settings = {ATTRIBUTES = (Required, ); }; };
		D83937081D835207008CA7F1 /* CSSLayout.swift in Sources */ = {isa = PBXBuildFile; fileRef = D83937071D835207008CA7F1 /* CSSLayout.swift */; };
		D83937171D872BDE008CA7F1 /* CollectionView.swift in Sources */ = {isa = PBXBuildFile; fileRef = D83937161D872BDE008CA7F1 /* CollectionView.swift */; };
		D83937191D875A1F008CA7F1 /* AsyncDataListView.swift in Sources */ = {isa = PBXBuildFile; fileRef = D83937181D875A1F008CA7F1 /* AsyncDataListView.swift */; };
		D85B43921D8600D100DDC9A2 /* XMLTemplateService.swift in Sources */ = {isa = PBXBuildFile; fileRef = D85B43911D8600D100DDC9A2 /* XMLTemplateService.swift */; };
		D85B43961D86627100DDC9A2 /* CompositeComponent.swift in Sources */ = {isa = PBXBuildFile; fileRef = D85B43951D86627100DDC9A2 /* CompositeComponent.swift */; };
		D89194121D57F1FB0049991F /* TemplateKit.h in Headers */ = {isa = PBXBuildFile; fileRef = D89194111D57F1FB0049991F /* TemplateKit.h */; settings = {ATTRIBUTES = (Public, ); }; };
		D89194191D57F1FB0049991F /* TemplateKit.framework in Frameworks */ = {isa = PBXBuildFile; fileRef = D891940E1D57F1FB0049991F /* TemplateKit.framework */; };
		D89194471D57F24F0049991F /* SimpleTemplate.xml in Resources */ = {isa = PBXBuildFile; fileRef = D89194431D57F24F0049991F /* SimpleTemplate.xml */; };
		D89194481D57F24F0049991F /* TemplateWithModel.xml in Resources */ = {isa = PBXBuildFile; fileRef = D89194441D57F24F0049991F /* TemplateWithModel.xml */; };
		D893AC501D908AA90078DAD9 /* Properties.swift in Sources */ = {isa = PBXBuildFile; fileRef = D893AC4F1D908AA90078DAD9 /* Properties.swift */; };
		D8C2B24C1D9AF16200FF4534 /* Config.xcconfig in Resources */ = {isa = PBXBuildFile; fileRef = D8C2B2491D9AF16200FF4534 /* Config.xcconfig */; };
		D8C2B24D1D9AF16200FF4534 /* Info.plist in Resources */ = {isa = PBXBuildFile; fileRef = D8C2B24A1D9AF16200FF4534 /* Info.plist */; };
		D8C2B25B1D9AF1AD00FF4534 /* foundation.c in Sources */ = {isa = PBXBuildFile; fileRef = D8C2B22F1D9AF15600FF4534 /* foundation.c */; };
		D8C2B25C1D9AF1AD00FF4534 /* foundation.h in Headers */ = {isa = PBXBuildFile; fileRef = D8C2B2301D9AF15600FF4534 /* foundation.h */; };
		D8C2B25D1D9AF1AD00FF4534 /* katana.h in Headers */ = {isa = PBXBuildFile; fileRef = D8C2B2311D9AF15600FF4534 /* katana.h */; settings = {ATTRIBUTES = (Public, ); }; };
		D8C2B25E1D9AF1AD00FF4534 /* katana.lex.c in Sources */ = {isa = PBXBuildFile; fileRef = D8C2B2321D9AF15600FF4534 /* katana.lex.c */; };
		D8C2B25F1D9AF1AD00FF4534 /* katana.lex.h in Headers */ = {isa = PBXBuildFile; fileRef = D8C2B2331D9AF15600FF4534 /* katana.lex.h */; };
		D8C2B2601D9AF1AD00FF4534 /* katana.tab.c in Sources */ = {isa = PBXBuildFile; fileRef = D8C2B2341D9AF15600FF4534 /* katana.tab.c */; };
		D8C2B2611D9AF1AD00FF4534 /* katana.tab.h in Headers */ = {isa = PBXBuildFile; fileRef = D8C2B2351D9AF15600FF4534 /* katana.tab.h */; };
		D8C2B2621D9AF1AD00FF4534 /* parser.c in Sources */ = {isa = PBXBuildFile; fileRef = D8C2B2361D9AF15600FF4534 /* parser.c */; };
		D8C2B2631D9AF1AD00FF4534 /* parser.h in Headers */ = {isa = PBXBuildFile; fileRef = D8C2B2371D9AF15600FF4534 /* parser.h */; };
		D8C2B2641D9AF1AD00FF4534 /* selector.c in Sources */ = {isa = PBXBuildFile; fileRef = D8C2B2381D9AF15600FF4534 /* selector.c */; };
		D8C2B2651D9AF1AD00FF4534 /* selector.h in Headers */ = {isa = PBXBuildFile; fileRef = D8C2B2391D9AF15600FF4534 /* selector.h */; };
		D8C2B2661D9AF1AD00FF4534 /* tokenizer.c in Sources */ = {isa = PBXBuildFile; fileRef = D8C2B23A1D9AF15600FF4534 /* tokenizer.c */; };
		D8C2B2671D9AF1AD00FF4534 /* tokenizer.h in Headers */ = {isa = PBXBuildFile; fileRef = D8C2B23B1D9AF15600FF4534 /* tokenizer.h */; };
		D8C2B26C1D9AF3B600FF4534 /* StyleSheet.swift in Sources */ = {isa = PBXBuildFile; fileRef = D8C2B26B1D9AF3B600FF4534 /* StyleSheet.swift */; };
		D8C2B26E1D9AF58A00FF4534 /* StyleSheetTests.swift in Sources */ = {isa = PBXBuildFile; fileRef = D8C2B26D1D9AF58A00FF4534 /* StyleSheetTests.swift */; };
		D8C2B2701D9B183900FF4534 /* StyleElement.swift in Sources */ = {isa = PBXBuildFile; fileRef = D8C2B26F1D9B183900FF4534 /* StyleElement.swift */; };
		D8E6615B1D8E754D005D8C4F /* View.swift in Sources */ = {isa = PBXBuildFile; fileRef = D8E6615A1D8E754D005D8C4F /* View.swift */; };
		D8E6615F1D923D0B005D8C4F /* Button.swift in Sources */ = {isa = PBXBuildFile; fileRef = D8E6615E1D923D0B005D8C4F /* Button.swift */; };
/* End PBXBuildFile section */

/* Begin PBXContainerItemProxy section */
		D83937091D835526008CA7F1 /* PBXContainerItemProxy */ = {
			isa = PBXContainerItemProxy;
			containerPortal = D89194051D57F1FB0049991F /* Project object */;
			proxyType = 1;
			remoteGlobalIDString = D83936ED1D834EAE008CA7F1;
			remoteInfo = CSSLayout;
		};
		D891941A1D57F1FB0049991F /* PBXContainerItemProxy */ = {
			isa = PBXContainerItemProxy;
			containerPortal = D89194051D57F1FB0049991F /* Project object */;
			proxyType = 1;
			remoteGlobalIDString = D891940D1D57F1FB0049991F;
			remoteInfo = TemplateKit;
		};
		D8C2B2681D9AF1C100FF4534 /* PBXContainerItemProxy */ = {
			isa = PBXContainerItemProxy;
			containerPortal = D89194051D57F1FB0049991F /* Project object */;
			proxyType = 1;
			remoteGlobalIDString = D8C2B2521D9AF18700FF4534;
			remoteInfo = Katana;
		};
/* End PBXContainerItemProxy section */

/* Begin PBXFileReference section */
		D80AC5F21D9B336F0055F300 /* TemplateTests.swift */ = {isa = PBXFileReference; fileEncoding = 4; lastKnownFileType = sourcecode.swift; path = TemplateTests.swift; sourceTree = "<group>"; };
		D8325EC71D986D5000F3EC95 /* CSSLayout.c */ = {isa = PBXFileReference; fileEncoding = 4; lastKnownFileType = sourcecode.c.c; name = CSSLayout.c; path = "ThirdParty/css-layout/CSSLayout/CSSLayout.c"; sourceTree = "<group>"; };
		D8325EC81D986D5000F3EC95 /* CSSLayout.h */ = {isa = PBXFileReference; fileEncoding = 4; lastKnownFileType = sourcecode.c.h; name = CSSLayout.h; path = "ThirdParty/css-layout/CSSLayout/CSSLayout.h"; sourceTree = "<group>"; };
		D8325EC91D986D5000F3EC95 /* CSSMacros.h */ = {isa = PBXFileReference; fileEncoding = 4; lastKnownFileType = sourcecode.c.h; name = CSSMacros.h; path = "ThirdParty/css-layout/CSSLayout/CSSMacros.h"; sourceTree = "<group>"; };
		D8325ECA1D986D5000F3EC95 /* CSSNodeList.c */ = {isa = PBXFileReference; fileEncoding = 4; lastKnownFileType = sourcecode.c.c; name = CSSNodeList.c; path = "ThirdParty/css-layout/CSSLayout/CSSNodeList.c"; sourceTree = "<group>"; };
		D8325ECB1D986D5000F3EC95 /* CSSNodeList.h */ = {isa = PBXFileReference; fileEncoding = 4; lastKnownFileType = sourcecode.c.h; name = CSSNodeList.h; path = "ThirdParty/css-layout/CSSLayout/CSSNodeList.h"; sourceTree = "<group>"; };
		D8325ED11D986D9200F3EC95 /* Config.xcconfig */ = {isa = PBXFileReference; lastKnownFileType = text.xcconfig; name = Config.xcconfig; path = "ThirdParty/Support/css-layout/Config.xcconfig"; sourceTree = "<group>"; };
		D8325ED21D986DBB00F3EC95 /* module.modulemap */ = {isa = PBXFileReference; fileEncoding = 4; lastKnownFileType = "sourcecode.module-map"; name = module.modulemap; path = "ThirdParty/Support/css-layout/module.modulemap"; sourceTree = "<group>"; };
		D8325ED81D986E0000F3EC95 /* Info.plist */ = {isa = PBXFileReference; fileEncoding = 4; lastKnownFileType = text.plist.xml; name = Info.plist; path = "ThirdParty/Support/css-layout/Info.plist"; sourceTree = "<group>"; };
		D8325EDB1D987F5500F3EC95 /* XMLDocumentParser.swift */ = {isa = PBXFileReference; fileEncoding = 4; lastKnownFileType = sourcecode.swift; path = XMLDocumentParser.swift; sourceTree = "<group>"; };
		D8325EDD1D99DDC300F3EC95 /* String.swift */ = {isa = PBXFileReference; fileEncoding = 4; lastKnownFileType = sourcecode.swift; path = String.swift; sourceTree = "<group>"; };
		D83936921D8348C5008CA7F1 /* Component.swift */ = {isa = PBXFileReference; fileEncoding = 4; lastKnownFileType = sourcecode.swift; lineEnding = 0; path = Component.swift; sourceTree = "<group>"; xcLanguageSpecificationIdentifier = xcode.lang.swift; };
		D83936931D8348C5008CA7F1 /* Element.swift */ = {isa = PBXFileReference; fileEncoding = 4; lastKnownFileType = sourcecode.swift; lineEnding = 0; path = Element.swift; sourceTree = "<group>"; xcLanguageSpecificationIdentifier = xcode.lang.swift; };
		D83936941D8348C5008CA7F1 /* Keyable.swift */ = {isa = PBXFileReference; fileEncoding = 4; lastKnownFileType = sourcecode.swift; path = Keyable.swift; sourceTree = "<group>"; };
		D83936951D8348C5008CA7F1 /* Layout.swift */ = {isa = PBXFileReference; fileEncoding = 4; lastKnownFileType = sourcecode.swift; path = Layout.swift; sourceTree = "<group>"; };
		D83936961D8348C5008CA7F1 /* Node.swift */ = {isa = PBXFileReference; fileEncoding = 4; lastKnownFileType = sourcecode.swift; lineEnding = 0; path = Node.swift; sourceTree = "<group>"; xcLanguageSpecificationIdentifier = xcode.lang.swift; };
		D83936981D8348C5008CA7F1 /* Renderer.swift */ = {isa = PBXFileReference; fileEncoding = 4; lastKnownFileType = sourcecode.swift; path = Renderer.swift; sourceTree = "<group>"; };
		D83936991D8348C5008CA7F1 /* ViewNode.swift */ = {isa = PBXFileReference; fileEncoding = 4; lastKnownFileType = sourcecode.swift; lineEnding = 0; path = ViewNode.swift; sourceTree = "<group>"; xcLanguageSpecificationIdentifier = xcode.lang.swift; };
		D839369B1D8348C5008CA7F1 /* Box.swift */ = {isa = PBXFileReference; fileEncoding = 4; lastKnownFileType = sourcecode.swift; path = Box.swift; sourceTree = "<group>"; };
		D839369C1D8348C5008CA7F1 /* DelegateProxy.swift */ = {isa = PBXFileReference; fileEncoding = 4; lastKnownFileType = sourcecode.swift; path = DelegateProxy.swift; sourceTree = "<group>"; };
		D839369D1D8348C5008CA7F1 /* Image.swift */ = {isa = PBXFileReference; fileEncoding = 4; lastKnownFileType = sourcecode.swift; path = Image.swift; sourceTree = "<group>"; };
		D839369E1D8348C5008CA7F1 /* ImageService.swift */ = {isa = PBXFileReference; fileEncoding = 4; lastKnownFileType = sourcecode.swift; path = ImageService.swift; sourceTree = "<group>"; };
		D839369F1D8348C5008CA7F1 /* NativeNode.swift */ = {isa = PBXFileReference; fileEncoding = 4; lastKnownFileType = sourcecode.swift; lineEnding = 0; path = NativeNode.swift; sourceTree = "<group>"; xcLanguageSpecificationIdentifier = xcode.lang.swift; };
		D83936A01D8348C5008CA7F1 /* NativeView.swift */ = {isa = PBXFileReference; fileEncoding = 4; lastKnownFileType = sourcecode.swift; path = NativeView.swift; sourceTree = "<group>"; };
		D83936A11D8348C5008CA7F1 /* TableView.swift */ = {isa = PBXFileReference; fileEncoding = 4; lastKnownFileType = sourcecode.swift; path = TableView.swift; sourceTree = "<group>"; };
		D83936A21D8348C5008CA7F1 /* Text.swift */ = {isa = PBXFileReference; fileEncoding = 4; lastKnownFileType = sourcecode.swift; path = Text.swift; sourceTree = "<group>"; };
		D83936A31D8348C5008CA7F1 /* TextField.swift */ = {isa = PBXFileReference; fileEncoding = 4; lastKnownFileType = sourcecode.swift; path = TextField.swift; sourceTree = "<group>"; };
		D83936A41D8348C5008CA7F1 /* UIKitRenderer.swift */ = {isa = PBXFileReference; fileEncoding = 4; lastKnownFileType = sourcecode.swift; path = UIKitRenderer.swift; sourceTree = "<group>"; };
		D83936A61D8348C5008CA7F1 /* Error.swift */ = {isa = PBXFileReference; fileEncoding = 4; lastKnownFileType = sourcecode.swift; path = Error.swift; sourceTree = "<group>"; };
		D83936A71D8348C5008CA7F1 /* Model.swift */ = {isa = PBXFileReference; fileEncoding = 4; lastKnownFileType = sourcecode.swift; path = Model.swift; sourceTree = "<group>"; };
		D83936A81D8348C5008CA7F1 /* NodeRegistry.swift */ = {isa = PBXFileReference; fileEncoding = 4; lastKnownFileType = sourcecode.swift; path = NodeRegistry.swift; sourceTree = "<group>"; };
		D83936A91D8348C5008CA7F1 /* Template.swift */ = {isa = PBXFileReference; fileEncoding = 4; lastKnownFileType = sourcecode.swift; path = Template.swift; sourceTree = "<group>"; };
		D83936AA1D8348C5008CA7F1 /* TemplateService.swift */ = {isa = PBXFileReference; fileEncoding = 4; lastKnownFileType = sourcecode.swift; path = TemplateService.swift; sourceTree = "<group>"; };
		D83936AB1D8348C5008CA7F1 /* Validation.swift */ = {isa = PBXFileReference; fileEncoding = 4; lastKnownFileType = sourcecode.swift; path = Validation.swift; sourceTree = "<group>"; };
		D83936AD1D8348C5008CA7F1 /* Array.swift */ = {isa = PBXFileReference; fileEncoding = 4; lastKnownFileType = sourcecode.swift; path = Array.swift; sourceTree = "<group>"; };
		D83936AE1D8348C5008CA7F1 /* AsyncQueue.swift */ = {isa = PBXFileReference; fileEncoding = 4; lastKnownFileType = sourcecode.swift; path = AsyncQueue.swift; sourceTree = "<group>"; };
		D83936AF1D8348C5008CA7F1 /* Dictionary.swift */ = {isa = PBXFileReference; fileEncoding = 4; lastKnownFileType = sourcecode.swift; path = Dictionary.swift; sourceTree = "<group>"; };
		D83936B01D8348C5008CA7F1 /* ResourceService.swift */ = {isa = PBXFileReference; fileEncoding = 4; lastKnownFileType = sourcecode.swift; path = ResourceService.swift; sourceTree = "<group>"; };
		D83936B11D8348C5008CA7F1 /* Result.swift */ = {isa = PBXFileReference; fileEncoding = 4; lastKnownFileType = sourcecode.swift; path = Result.swift; sourceTree = "<group>"; };
		D83936DA1D83497C008CA7F1 /* UIView.swift */ = {isa = PBXFileReference; fileEncoding = 4; lastKnownFileType = sourcecode.swift; path = UIView.swift; sourceTree = "<group>"; };
		D83936EE1D834EAE008CA7F1 /* CSSLayout.framework */ = {isa = PBXFileReference; explicitFileType = wrapper.framework; includeInIndex = 0; path = CSSLayout.framework; sourceTree = BUILT_PRODUCTS_DIR; };
		D83937071D835207008CA7F1 /* CSSLayout.swift */ = {isa = PBXFileReference; fileEncoding = 4; lastKnownFileType = sourcecode.swift; path = CSSLayout.swift; sourceTree = "<group>"; };
		D83937161D872BDE008CA7F1 /* CollectionView.swift */ = {isa = PBXFileReference; fileEncoding = 4; lastKnownFileType = sourcecode.swift; path = CollectionView.swift; sourceTree = "<group>"; };
		D83937181D875A1F008CA7F1 /* AsyncDataListView.swift */ = {isa = PBXFileReference; fileEncoding = 4; lastKnownFileType = sourcecode.swift; path = AsyncDataListView.swift; sourceTree = "<group>"; };
		D85B43911D8600D100DDC9A2 /* XMLTemplateService.swift */ = {isa = PBXFileReference; fileEncoding = 4; lastKnownFileType = sourcecode.swift; path = XMLTemplateService.swift; sourceTree = "<group>"; };
		D85B43951D86627100DDC9A2 /* CompositeComponent.swift */ = {isa = PBXFileReference; fileEncoding = 4; lastKnownFileType = sourcecode.swift; lineEnding = 0; path = CompositeComponent.swift; sourceTree = "<group>"; xcLanguageSpecificationIdentifier = xcode.lang.swift; };
		D891940E1D57F1FB0049991F /* TemplateKit.framework */ = {isa = PBXFileReference; explicitFileType = wrapper.framework; includeInIndex = 0; path = TemplateKit.framework; sourceTree = BUILT_PRODUCTS_DIR; };
		D89194111D57F1FB0049991F /* TemplateKit.h */ = {isa = PBXFileReference; lastKnownFileType = sourcecode.c.h; path = TemplateKit.h; sourceTree = "<group>"; };
		D89194131D57F1FB0049991F /* Info.plist */ = {isa = PBXFileReference; lastKnownFileType = text.plist.xml; path = Info.plist; sourceTree = "<group>"; };
		D89194181D57F1FB0049991F /* TemplateKitTests.xctest */ = {isa = PBXFileReference; explicitFileType = wrapper.cfbundle; includeInIndex = 0; path = TemplateKitTests.xctest; sourceTree = BUILT_PRODUCTS_DIR; };
		D891941F1D57F1FB0049991F /* Info.plist */ = {isa = PBXFileReference; lastKnownFileType = text.plist.xml; path = Info.plist; sourceTree = "<group>"; };
		D89194431D57F24F0049991F /* SimpleTemplate.xml */ = {isa = PBXFileReference; fileEncoding = 4; lastKnownFileType = text.xml; path = SimpleTemplate.xml; sourceTree = "<group>"; };
		D89194441D57F24F0049991F /* TemplateWithModel.xml */ = {isa = PBXFileReference; fileEncoding = 4; lastKnownFileType = text.xml; path = TemplateWithModel.xml; sourceTree = "<group>"; };
		D893AC4F1D908AA90078DAD9 /* Properties.swift */ = {isa = PBXFileReference; fileEncoding = 4; lastKnownFileType = sourcecode.swift; path = Properties.swift; sourceTree = "<group>"; };
		D8C2B22F1D9AF15600FF4534 /* foundation.c */ = {isa = PBXFileReference; fileEncoding = 4; lastKnownFileType = sourcecode.c.c; name = foundation.c; path = "ThirdParty/katana-parser/src/foundation.c"; sourceTree = "<group>"; };
		D8C2B2301D9AF15600FF4534 /* foundation.h */ = {isa = PBXFileReference; fileEncoding = 4; lastKnownFileType = sourcecode.c.h; name = foundation.h; path = "ThirdParty/katana-parser/src/foundation.h"; sourceTree = "<group>"; };
		D8C2B2311D9AF15600FF4534 /* katana.h */ = {isa = PBXFileReference; fileEncoding = 4; lastKnownFileType = sourcecode.c.h; name = katana.h; path = "ThirdParty/katana-parser/src/katana.h"; sourceTree = "<group>"; };
		D8C2B2321D9AF15600FF4534 /* katana.lex.c */ = {isa = PBXFileReference; fileEncoding = 4; lastKnownFileType = sourcecode.c.c; name = katana.lex.c; path = "ThirdParty/katana-parser/src/katana.lex.c"; sourceTree = "<group>"; };
		D8C2B2331D9AF15600FF4534 /* katana.lex.h */ = {isa = PBXFileReference; fileEncoding = 4; lastKnownFileType = sourcecode.c.h; name = katana.lex.h; path = "ThirdParty/katana-parser/src/katana.lex.h"; sourceTree = "<group>"; };
		D8C2B2341D9AF15600FF4534 /* katana.tab.c */ = {isa = PBXFileReference; fileEncoding = 4; lastKnownFileType = sourcecode.c.c; name = katana.tab.c; path = "ThirdParty/katana-parser/src/katana.tab.c"; sourceTree = "<group>"; };
		D8C2B2351D9AF15600FF4534 /* katana.tab.h */ = {isa = PBXFileReference; fileEncoding = 4; lastKnownFileType = sourcecode.c.h; name = katana.tab.h; path = "ThirdParty/katana-parser/src/katana.tab.h"; sourceTree = "<group>"; };
		D8C2B2361D9AF15600FF4534 /* parser.c */ = {isa = PBXFileReference; fileEncoding = 4; lastKnownFileType = sourcecode.c.c; name = parser.c; path = "ThirdParty/katana-parser/src/parser.c"; sourceTree = "<group>"; };
		D8C2B2371D9AF15600FF4534 /* parser.h */ = {isa = PBXFileReference; fileEncoding = 4; lastKnownFileType = sourcecode.c.h; name = parser.h; path = "ThirdParty/katana-parser/src/parser.h"; sourceTree = "<group>"; };
		D8C2B2381D9AF15600FF4534 /* selector.c */ = {isa = PBXFileReference; fileEncoding = 4; lastKnownFileType = sourcecode.c.c; name = selector.c; path = "ThirdParty/katana-parser/src/selector.c"; sourceTree = "<group>"; };
		D8C2B2391D9AF15600FF4534 /* selector.h */ = {isa = PBXFileReference; fileEncoding = 4; lastKnownFileType = sourcecode.c.h; name = selector.h; path = "ThirdParty/katana-parser/src/selector.h"; sourceTree = "<group>"; };
		D8C2B23A1D9AF15600FF4534 /* tokenizer.c */ = {isa = PBXFileReference; fileEncoding = 4; lastKnownFileType = sourcecode.c.c; name = tokenizer.c; path = "ThirdParty/katana-parser/src/tokenizer.c"; sourceTree = "<group>"; };
		D8C2B23B1D9AF15600FF4534 /* tokenizer.h */ = {isa = PBXFileReference; fileEncoding = 4; lastKnownFileType = sourcecode.c.h; name = tokenizer.h; path = "ThirdParty/katana-parser/src/tokenizer.h"; sourceTree = "<group>"; };
		D8C2B2491D9AF16200FF4534 /* Config.xcconfig */ = {isa = PBXFileReference; fileEncoding = 4; lastKnownFileType = text.xcconfig; name = Config.xcconfig; path = "ThirdParty/Support/katana-parser/Config.xcconfig"; sourceTree = "<group>"; };
		D8C2B24A1D9AF16200FF4534 /* Info.plist */ = {isa = PBXFileReference; fileEncoding = 4; lastKnownFileType = text.plist.xml; name = Info.plist; path = "ThirdParty/Support/katana-parser/Info.plist"; sourceTree = "<group>"; };
		D8C2B24B1D9AF16200FF4534 /* module.modulemap */ = {isa = PBXFileReference; fileEncoding = 4; lastKnownFileType = "sourcecode.module-map"; name = module.modulemap; path = "ThirdParty/Support/katana-parser/module.modulemap"; sourceTree = "<group>"; };
		D8C2B2531D9AF18700FF4534 /* Katana.framework */ = {isa = PBXFileReference; explicitFileType = wrapper.framework; includeInIndex = 0; path = Katana.framework; sourceTree = BUILT_PRODUCTS_DIR; };
		D8C2B2551D9AF18700FF4534 /* Katana.h */ = {isa = PBXFileReference; lastKnownFileType = sourcecode.c.h; path = Katana.h; sourceTree = "<group>"; };
		D8C2B2561D9AF18700FF4534 /* Info.plist */ = {isa = PBXFileReference; lastKnownFileType = text.plist.xml; path = Info.plist; sourceTree = "<group>"; };
		D8C2B26B1D9AF3B600FF4534 /* StyleSheet.swift */ = {isa = PBXFileReference; fileEncoding = 4; lastKnownFileType = sourcecode.swift; path = StyleSheet.swift; sourceTree = "<group>"; };
		D8C2B26D1D9AF58A00FF4534 /* StyleSheetTests.swift */ = {isa = PBXFileReference; fileEncoding = 4; lastKnownFileType = sourcecode.swift; path = StyleSheetTests.swift; sourceTree = "<group>"; };
		D8C2B26F1D9B183900FF4534 /* StyleElement.swift */ = {isa = PBXFileReference; fileEncoding = 4; lastKnownFileType = sourcecode.swift; path = StyleElement.swift; sourceTree = "<group>"; };
		D8E6615A1D8E754D005D8C4F /* View.swift */ = {isa = PBXFileReference; fileEncoding = 4; lastKnownFileType = sourcecode.swift; path = View.swift; sourceTree = "<group>"; };
		D8E6615E1D923D0B005D8C4F /* Button.swift */ = {isa = PBXFileReference; fileEncoding = 4; lastKnownFileType = sourcecode.swift; path = Button.swift; sourceTree = "<group>"; };
/* End PBXFileReference section */

/* Begin PBXFrameworksBuildPhase section */
		D83936EA1D834EAE008CA7F1 /* Frameworks */ = {
			isa = PBXFrameworksBuildPhase;
			buildActionMask = 2147483647;
			files = (
			);
			runOnlyForDeploymentPostprocessing = 0;
		};
		D891940A1D57F1FB0049991F /* Frameworks */ = {
			isa = PBXFrameworksBuildPhase;
			buildActionMask = 2147483647;
			files = (
				D83937061D83513E008CA7F1 /* CSSLayout.framework in Frameworks */,
			);
			runOnlyForDeploymentPostprocessing = 0;
		};
		D89194151D57F1FB0049991F /* Frameworks */ = {
			isa = PBXFrameworksBuildPhase;
			buildActionMask = 2147483647;
			files = (
				D89194191D57F1FB0049991F /* TemplateKit.framework in Frameworks */,
			);
			runOnlyForDeploymentPostprocessing = 0;
		};
		D8C2B24F1D9AF18700FF4534 /* Frameworks */ = {
			isa = PBXFrameworksBuildPhase;
			buildActionMask = 2147483647;
			files = (
			);
			runOnlyForDeploymentPostprocessing = 0;
		};
/* End PBXFrameworksBuildPhase section */

/* Begin PBXGroup section */
		D8325EC61D986D4100F3EC95 /* CSSLayout */ = {
			isa = PBXGroup;
			children = (
				D8325EC71D986D5000F3EC95 /* CSSLayout.c */,
				D8325EC81D986D5000F3EC95 /* CSSLayout.h */,
				D8325EC91D986D5000F3EC95 /* CSSMacros.h */,
				D8325ECA1D986D5000F3EC95 /* CSSNodeList.c */,
				D8325ECB1D986D5000F3EC95 /* CSSNodeList.h */,
				D8325ED11D986D9200F3EC95 /* Config.xcconfig */,
				D8325ED21D986DBB00F3EC95 /* module.modulemap */,
				D8325ED81D986E0000F3EC95 /* Info.plist */,
			);
			name = CSSLayout;
			sourceTree = "<group>";
		};
		D8325EDA1D98731500F3EC95 /* ThirdParty */ = {
			isa = PBXGroup;
			children = (
				D8C2B22E1D9AF14300FF4534 /* Katana */,
				D8325EC61D986D4100F3EC95 /* CSSLayout */,
			);
			name = ThirdParty;
			sourceTree = "<group>";
		};
		D83936911D8348C5008CA7F1 /* Core */ = {
			isa = PBXGroup;
			children = (
				D83936921D8348C5008CA7F1 /* Component.swift */,
				D85B43951D86627100DDC9A2 /* CompositeComponent.swift */,
				D83937071D835207008CA7F1 /* CSSLayout.swift */,
				D83936931D8348C5008CA7F1 /* Element.swift */,
				D83936941D8348C5008CA7F1 /* Keyable.swift */,
				D83936951D8348C5008CA7F1 /* Layout.swift */,
				D839369F1D8348C5008CA7F1 /* NativeNode.swift */,
				D83936A01D8348C5008CA7F1 /* NativeView.swift */,
				D83936961D8348C5008CA7F1 /* Node.swift */,
				D893AC4F1D908AA90078DAD9 /* Properties.swift */,
				D83936981D8348C5008CA7F1 /* Renderer.swift */,
				D8E6615A1D8E754D005D8C4F /* View.swift */,
				D83936991D8348C5008CA7F1 /* ViewNode.swift */,
			);
			path = Core;
			sourceTree = "<group>";
		};
		D839369A1D8348C5008CA7F1 /* iOS */ = {
			isa = PBXGroup;
			children = (
				D83937181D875A1F008CA7F1 /* AsyncDataListView.swift */,
				D839369B1D8348C5008CA7F1 /* Box.swift */,
				D8E6615E1D923D0B005D8C4F /* Button.swift */,
				D83937161D872BDE008CA7F1 /* CollectionView.swift */,
				D839369C1D8348C5008CA7F1 /* DelegateProxy.swift */,
				D839369D1D8348C5008CA7F1 /* Image.swift */,
				D839369E1D8348C5008CA7F1 /* ImageService.swift */,
				D83936A11D8348C5008CA7F1 /* TableView.swift */,
				D83936A21D8348C5008CA7F1 /* Text.swift */,
				D83936A31D8348C5008CA7F1 /* TextField.swift */,
				D83936A41D8348C5008CA7F1 /* UIKitRenderer.swift */,
				D83936DA1D83497C008CA7F1 /* UIView.swift */,
			);
			path = iOS;
			sourceTree = "<group>";
		};
		D83936A51D8348C5008CA7F1 /* Template */ = {
			isa = PBXGroup;
			children = (
				D83936B21D8348C5008CA7F1 /* Validation */,
				D83936A61D8348C5008CA7F1 /* Error.swift */,
				D83936A71D8348C5008CA7F1 /* Model.swift */,
				D83936A81D8348C5008CA7F1 /* NodeRegistry.swift */,
				D83936A91D8348C5008CA7F1 /* Template.swift */,
				D83936AA1D8348C5008CA7F1 /* TemplateService.swift */,
				D85B43911D8600D100DDC9A2 /* XMLTemplateService.swift */,
			);
			path = Template;
			sourceTree = "<group>";
		};
		D83936AC1D8348C5008CA7F1 /* Utilities */ = {
			isa = PBXGroup;
			children = (
				D83936AD1D8348C5008CA7F1 /* Array.swift */,
				D83936AE1D8348C5008CA7F1 /* AsyncQueue.swift */,
				D83936AF1D8348C5008CA7F1 /* Dictionary.swift */,
				D83936B01D8348C5008CA7F1 /* ResourceService.swift */,
				D83936B11D8348C5008CA7F1 /* Result.swift */,
				D8325EDB1D987F5500F3EC95 /* XMLDocumentParser.swift */,
				D8325EDD1D99DDC300F3EC95 /* String.swift */,
			);
			path = Utilities;
			sourceTree = "<group>";
		};
		D83936B21D8348C5008CA7F1 /* Validation */ = {
			isa = PBXGroup;
			children = (
				D83936AB1D8348C5008CA7F1 /* Validation.swift */,
			);
			path = Validation;
			sourceTree = "<group>";
		};
		D89194041D57F1FB0049991F = {
			isa = PBXGroup;
			children = (
				D8325EDA1D98731500F3EC95 /* ThirdParty */,
				D89194101D57F1FB0049991F /* Source */,
				D891941C1D57F1FB0049991F /* Tests */,
				D8C2B2541D9AF18700FF4534 /* Katana */,
				D891940F1D57F1FB0049991F /* Products */,
			);
			sourceTree = "<group>";
		};
		D891940F1D57F1FB0049991F /* Products */ = {
			isa = PBXGroup;
			children = (
				D891940E1D57F1FB0049991F /* TemplateKit.framework */,
				D89194181D57F1FB0049991F /* TemplateKitTests.xctest */,
				D83936EE1D834EAE008CA7F1 /* CSSLayout.framework */,
				D8C2B2531D9AF18700FF4534 /* Katana.framework */,
			);
			name = Products;
			sourceTree = "<group>";
		};
		D89194101D57F1FB0049991F /* Source */ = {
			isa = PBXGroup;
			children = (
				D83936911D8348C5008CA7F1 /* Core */,
				D839369A1D8348C5008CA7F1 /* iOS */,
				D83936A51D8348C5008CA7F1 /* Template */,
				D8C2B26A1D9AF2EC00FF4534 /* CSS */,
				D83936AC1D8348C5008CA7F1 /* Utilities */,
				D89194131D57F1FB0049991F /* Info.plist */,
				D89194111D57F1FB0049991F /* TemplateKit.h */,
			);
			path = Source;
			sourceTree = "<group>";
		};
		D891941C1D57F1FB0049991F /* Tests */ = {
			isa = PBXGroup;
			children = (
				D89194421D57F24F0049991F /* Resources */,
				D891941F1D57F1FB0049991F /* Info.plist */,
				D8C2B26D1D9AF58A00FF4534 /* StyleSheetTests.swift */,
				D80AC5F21D9B336F0055F300 /* TemplateTests.swift */,
			);
			path = Tests;
			sourceTree = "<group>";
		};
		D89194421D57F24F0049991F /* Resources */ = {
			isa = PBXGroup;
			children = (
				D89194431D57F24F0049991F /* SimpleTemplate.xml */,
				D89194441D57F24F0049991F /* TemplateWithModel.xml */,
			);
			path = Resources;
			sourceTree = "<group>";
		};
		D8C2B22E1D9AF14300FF4534 /* Katana */ = {
			isa = PBXGroup;
			children = (
				D8C2B2491D9AF16200FF4534 /* Config.xcconfig */,
				D8C2B24A1D9AF16200FF4534 /* Info.plist */,
				D8C2B24B1D9AF16200FF4534 /* module.modulemap */,
				D8C2B22F1D9AF15600FF4534 /* foundation.c */,
				D8C2B2301D9AF15600FF4534 /* foundation.h */,
				D8C2B2311D9AF15600FF4534 /* katana.h */,
				D8C2B2321D9AF15600FF4534 /* katana.lex.c */,
				D8C2B2331D9AF15600FF4534 /* katana.lex.h */,
				D8C2B2341D9AF15600FF4534 /* katana.tab.c */,
				D8C2B2351D9AF15600FF4534 /* katana.tab.h */,
				D8C2B2361D9AF15600FF4534 /* parser.c */,
				D8C2B2371D9AF15600FF4534 /* parser.h */,
				D8C2B2381D9AF15600FF4534 /* selector.c */,
				D8C2B2391D9AF15600FF4534 /* selector.h */,
				D8C2B23A1D9AF15600FF4534 /* tokenizer.c */,
				D8C2B23B1D9AF15600FF4534 /* tokenizer.h */,
			);
			name = Katana;
			sourceTree = "<group>";
		};
		D8C2B2541D9AF18700FF4534 /* Katana */ = {
			isa = PBXGroup;
			children = (
				D8C2B2551D9AF18700FF4534 /* Katana.h */,
				D8C2B2561D9AF18700FF4534 /* Info.plist */,
			);
			path = Katana;
			sourceTree = "<group>";
		};
		D8C2B26A1D9AF2EC00FF4534 /* CSS */ = {
			isa = PBXGroup;
			children = (
				D8C2B26B1D9AF3B600FF4534 /* StyleSheet.swift */,
				D8C2B26F1D9B183900FF4534 /* StyleElement.swift */,
			);
			path = CSS;
			sourceTree = "<group>";
		};
/* End PBXGroup section */

/* Begin PBXHeadersBuildPhase section */
		D83936EB1D834EAE008CA7F1 /* Headers */ = {
			isa = PBXHeadersBuildPhase;
			buildActionMask = 2147483647;
			files = (
				D8325ED41D986DC800F3EC95 /* CSSLayout.h in Headers */,
				D8325ED51D986DC800F3EC95 /* CSSMacros.h in Headers */,
				D8325ED71D986DC800F3EC95 /* CSSNodeList.h in Headers */,
			);
			runOnlyForDeploymentPostprocessing = 0;
		};
		D891940B1D57F1FB0049991F /* Headers */ = {
			isa = PBXHeadersBuildPhase;
			buildActionMask = 2147483647;
			files = (
				D89194121D57F1FB0049991F /* TemplateKit.h in Headers */,
			);
			runOnlyForDeploymentPostprocessing = 0;
		};
		D8C2B2501D9AF18700FF4534 /* Headers */ = {
			isa = PBXHeadersBuildPhase;
			buildActionMask = 2147483647;
			files = (
				D8C2B25D1D9AF1AD00FF4534 /* katana.h in Headers */,
				D8C2B2631D9AF1AD00FF4534 /* parser.h in Headers */,
				D8C2B2651D9AF1AD00FF4534 /* selector.h in Headers */,
				D8C2B2671D9AF1AD00FF4534 /* tokenizer.h in Headers */,
				D8C2B25C1D9AF1AD00FF4534 /* foundation.h in Headers */,
				D8C2B25F1D9AF1AD00FF4534 /* katana.lex.h in Headers */,
				D8C2B2611D9AF1AD00FF4534 /* katana.tab.h in Headers */,
			);
			runOnlyForDeploymentPostprocessing = 0;
		};
/* End PBXHeadersBuildPhase section */

/* Begin PBXNativeTarget section */
		D83936ED1D834EAE008CA7F1 /* CSSLayout */ = {
			isa = PBXNativeTarget;
			buildConfigurationList = D83936F31D834EAE008CA7F1 /* Build configuration list for PBXNativeTarget "CSSLayout" */;
			buildPhases = (
				D83936E91D834EAE008CA7F1 /* Sources */,
				D83936EA1D834EAE008CA7F1 /* Frameworks */,
				D83936EB1D834EAE008CA7F1 /* Headers */,
				D83936EC1D834EAE008CA7F1 /* Resources */,
			);
			buildRules = (
			);
			dependencies = (
			);
			name = CSSLayout;
			productName = CSSLayout;
			productReference = D83936EE1D834EAE008CA7F1 /* CSSLayout.framework */;
			productType = "com.apple.product-type.framework";
		};
		D891940D1D57F1FB0049991F /* TemplateKit */ = {
			isa = PBXNativeTarget;
			buildConfigurationList = D89194221D57F1FB0049991F /* Build configuration list for PBXNativeTarget "TemplateKit" */;
			buildPhases = (
				D89194091D57F1FB0049991F /* Sources */,
				D891940A1D57F1FB0049991F /* Frameworks */,
				D891940B1D57F1FB0049991F /* Headers */,
				D891940C1D57F1FB0049991F /* Resources */,
			);
			buildRules = (
			);
			dependencies = (
				D8C2B2691D9AF1C100FF4534 /* PBXTargetDependency */,
				D839370A1D835526008CA7F1 /* PBXTargetDependency */,
			);
			name = TemplateKit;
			productName = TemplateKit;
			productReference = D891940E1D57F1FB0049991F /* TemplateKit.framework */;
			productType = "com.apple.product-type.framework";
		};
		D89194171D57F1FB0049991F /* TemplateKitTests */ = {
			isa = PBXNativeTarget;
			buildConfigurationList = D89194251D57F1FB0049991F /* Build configuration list for PBXNativeTarget "TemplateKitTests" */;
			buildPhases = (
				D89194141D57F1FB0049991F /* Sources */,
				D89194151D57F1FB0049991F /* Frameworks */,
				D89194161D57F1FB0049991F /* Resources */,
			);
			buildRules = (
			);
			dependencies = (
				D891941B1D57F1FB0049991F /* PBXTargetDependency */,
			);
			name = TemplateKitTests;
			productName = TemplateKitTests;
			productReference = D89194181D57F1FB0049991F /* TemplateKitTests.xctest */;
			productType = "com.apple.product-type.bundle.unit-test";
		};
		D8C2B2521D9AF18700FF4534 /* Katana */ = {
			isa = PBXNativeTarget;
			buildConfigurationList = D8C2B2581D9AF18700FF4534 /* Build configuration list for PBXNativeTarget "Katana" */;
			buildPhases = (
				D8C2B24E1D9AF18700FF4534 /* Sources */,
				D8C2B24F1D9AF18700FF4534 /* Frameworks */,
				D8C2B2501D9AF18700FF4534 /* Headers */,
				D8C2B2511D9AF18700FF4534 /* Resources */,
			);
			buildRules = (
			);
			dependencies = (
			);
			name = Katana;
			productName = Katana;
			productReference = D8C2B2531D9AF18700FF4534 /* Katana.framework */;
			productType = "com.apple.product-type.framework";
		};
/* End PBXNativeTarget section */

/* Begin PBXProject section */
		D89194051D57F1FB0049991F /* Project object */ = {
			isa = PBXProject;
			attributes = {
				LastSwiftUpdateCheck = 0730;
				LastUpgradeCheck = 0800;
				ORGANIZATIONNAME = "Matias Cudich";
				TargetAttributes = {
					D83936ED1D834EAE008CA7F1 = {
						CreatedOnToolsVersion = 8.0;
						DevelopmentTeam = 46UKZ786J3;
						ProvisioningStyle = Automatic;
					};
					D891940D1D57F1FB0049991F = {
						CreatedOnToolsVersion = 7.3.1;
						LastSwiftMigration = 0800;
					};
					D89194171D57F1FB0049991F = {
						CreatedOnToolsVersion = 7.3.1;
						LastSwiftMigration = 0800;
					};
					D8C2B2521D9AF18700FF4534 = {
						CreatedOnToolsVersion = 8.0;
						DevelopmentTeam = 46UKZ786J3;
						ProvisioningStyle = Automatic;
					};
				};
			};
			buildConfigurationList = D89194081D57F1FB0049991F /* Build configuration list for PBXProject "TemplateKit" */;
			compatibilityVersion = "Xcode 3.2";
			developmentRegion = English;
			hasScannedForEncodings = 0;
			knownRegions = (
				en,
			);
			mainGroup = D89194041D57F1FB0049991F;
			productRefGroup = D891940F1D57F1FB0049991F /* Products */;
			projectDirPath = "";
			projectRoot = "";
			targets = (
				D891940D1D57F1FB0049991F /* TemplateKit */,
				D83936ED1D834EAE008CA7F1 /* CSSLayout */,
				D8C2B2521D9AF18700FF4534 /* Katana */,
				D89194171D57F1FB0049991F /* TemplateKitTests */,
			);
		};
/* End PBXProject section */

/* Begin PBXResourcesBuildPhase section */
		D83936EC1D834EAE008CA7F1 /* Resources */ = {
			isa = PBXResourcesBuildPhase;
			buildActionMask = 2147483647;
			files = (
			);
			runOnlyForDeploymentPostprocessing = 0;
		};
		D891940C1D57F1FB0049991F /* Resources */ = {
			isa = PBXResourcesBuildPhase;
			buildActionMask = 2147483647;
			files = (
				D8C2B24D1D9AF16200FF4534 /* Info.plist in Resources */,
				D8C2B24C1D9AF16200FF4534 /* Config.xcconfig in Resources */,
			);
			runOnlyForDeploymentPostprocessing = 0;
		};
		D89194161D57F1FB0049991F /* Resources */ = {
			isa = PBXResourcesBuildPhase;
			buildActionMask = 2147483647;
			files = (
				D89194471D57F24F0049991F /* SimpleTemplate.xml in Resources */,
				D89194481D57F24F0049991F /* TemplateWithModel.xml in Resources */,
			);
			runOnlyForDeploymentPostprocessing = 0;
		};
		D8C2B2511D9AF18700FF4534 /* Resources */ = {
			isa = PBXResourcesBuildPhase;
			buildActionMask = 2147483647;
			files = (
			);
			runOnlyForDeploymentPostprocessing = 0;
		};
/* End PBXResourcesBuildPhase section */

/* Begin PBXSourcesBuildPhase section */
		D83936E91D834EAE008CA7F1 /* Sources */ = {
			isa = PBXSourcesBuildPhase;
			buildActionMask = 2147483647;
			files = (
				D8325ED31D986DC800F3EC95 /* CSSLayout.c in Sources */,
				D8325ED61D986DC800F3EC95 /* CSSNodeList.c in Sources */,
			);
			runOnlyForDeploymentPostprocessing = 0;
		};
		D89194091D57F1FB0049991F /* Sources */ = {
			isa = PBXSourcesBuildPhase;
			buildActionMask = 2147483647;
			files = (
				D83936C31D8348C5008CA7F1 /* NativeNode.swift in Sources */,
				D83936C51D8348C5008CA7F1 /* TableView.swift in Sources */,
				D83936BF1D8348C5008CA7F1 /* Box.swift in Sources */,
				D83936B81D8348C5008CA7F1 /* Element.swift in Sources */,
				D85B43961D86627100DDC9A2 /* CompositeComponent.swift in Sources */,
				D893AC501D908AA90078DAD9 /* Properties.swift in Sources */,
				D8E6615F1D923D0B005D8C4F /* Button.swift in Sources */,
				D83936D21D8348C5008CA7F1 /* ResourceService.swift in Sources */,
				D83936D11D8348C5008CA7F1 /* Dictionary.swift in Sources */,
				D83936BE1D8348C5008CA7F1 /* ViewNode.swift in Sources */,
				D83936C71D8348C5008CA7F1 /* TextField.swift in Sources */,
				D83936DB1D83497C008CA7F1 /* UIView.swift in Sources */,
				D8C2B2701D9B183900FF4534 /* StyleElement.swift in Sources */,
				D83936CC1D8348C5008CA7F1 /* Template.swift in Sources */,
				D83936D01D8348C5008CA7F1 /* AsyncQueue.swift in Sources */,
				D83936BD1D8348C5008CA7F1 /* Renderer.swift in Sources */,
				D83936C21D8348C5008CA7F1 /* ImageService.swift in Sources */,
				D83936C01D8348C5008CA7F1 /* DelegateProxy.swift in Sources */,
				D83936BB1D8348C5008CA7F1 /* Node.swift in Sources */,
				D83937171D872BDE008CA7F1 /* CollectionView.swift in Sources */,
				D8E6615B1D8E754D005D8C4F /* View.swift in Sources */,
				D83936C61D8348C5008CA7F1 /* Text.swift in Sources */,
				D83936BA1D8348C5008CA7F1 /* Layout.swift in Sources */,
				D83936CB1D8348C5008CA7F1 /* NodeRegistry.swift in Sources */,
				D83936B91D8348C5008CA7F1 /* Keyable.swift in Sources */,
				D83937191D875A1F008CA7F1 /* AsyncDataListView.swift in Sources */,
				D83936C11D8348C5008CA7F1 /* Image.swift in Sources */,
				D83937081D835207008CA7F1 /* CSSLayout.swift in Sources */,
				D8325EDE1D99DDC300F3EC95 /* String.swift in Sources */,
				D83936CA1D8348C5008CA7F1 /* Model.swift in Sources */,
				D83936B71D8348C5008CA7F1 /* Component.swift in Sources */,
				D85B43921D8600D100DDC9A2 /* XMLTemplateService.swift in Sources */,
				D83936C41D8348C5008CA7F1 /* NativeView.swift in Sources */,
				D83936CD1D8348C5008CA7F1 /* TemplateService.swift in Sources */,
				D83936D31D8348C5008CA7F1 /* Result.swift in Sources */,
				D83936CF1D8348C5008CA7F1 /* Array.swift in Sources */,
				D83936C81D8348C5008CA7F1 /* UIKitRenderer.swift in Sources */,
				D83936CE1D8348C5008CA7F1 /* Validation.swift in Sources */,
				D8C2B26C1D9AF3B600FF4534 /* StyleSheet.swift in Sources */,
				D8325EDC1D987F5500F3EC95 /* XMLDocumentParser.swift in Sources */,
				D83936C91D8348C5008CA7F1 /* Error.swift in Sources */,
			);
			runOnlyForDeploymentPostprocessing = 0;
		};
		D89194141D57F1FB0049991F /* Sources */ = {
			isa = PBXSourcesBuildPhase;
			buildActionMask = 2147483647;
			files = (
				D8C2B26E1D9AF58A00FF4534 /* StyleSheetTests.swift in Sources */,
				D80AC5F31D9B336F0055F300 /* TemplateTests.swift in Sources */,
			);
			runOnlyForDeploymentPostprocessing = 0;
		};
		D8C2B24E1D9AF18700FF4534 /* Sources */ = {
			isa = PBXSourcesBuildPhase;
			buildActionMask = 2147483647;
			files = (
				D8C2B25E1D9AF1AD00FF4534 /* katana.lex.c in Sources */,
				D8C2B2601D9AF1AD00FF4534 /* katana.tab.c in Sources */,
				D8C2B2621D9AF1AD00FF4534 /* parser.c in Sources */,
				D8C2B2661D9AF1AD00FF4534 /* tokenizer.c in Sources */,
				D8C2B25B1D9AF1AD00FF4534 /* foundation.c in Sources */,
				D8C2B2641D9AF1AD00FF4534 /* selector.c in Sources */,
			);
			runOnlyForDeploymentPostprocessing = 0;
		};
/* End PBXSourcesBuildPhase section */

/* Begin PBXTargetDependency section */
		D839370A1D835526008CA7F1 /* PBXTargetDependency */ = {
			isa = PBXTargetDependency;
			target = D83936ED1D834EAE008CA7F1 /* CSSLayout */;
			targetProxy = D83937091D835526008CA7F1 /* PBXContainerItemProxy */;
		};
		D891941B1D57F1FB0049991F /* PBXTargetDependency */ = {
			isa = PBXTargetDependency;
			target = D891940D1D57F1FB0049991F /* TemplateKit */;
			targetProxy = D891941A1D57F1FB0049991F /* PBXContainerItemProxy */;
		};
		D8C2B2691D9AF1C100FF4534 /* PBXTargetDependency */ = {
			isa = PBXTargetDependency;
			target = D8C2B2521D9AF18700FF4534 /* Katana */;
			targetProxy = D8C2B2681D9AF1C100FF4534 /* PBXContainerItemProxy */;
		};
/* End PBXTargetDependency section */

/* Begin XCBuildConfiguration section */
		D83936F41D834EAE008CA7F1 /* Debug */ = {
			isa = XCBuildConfiguration;
			buildSettings = {
				ALWAYS_SEARCH_USER_PATHS = NO;
				CLANG_ALLOW_NON_MODULAR_INCLUDES_IN_FRAMEWORK_MODULES = YES;
				CLANG_WARN_DOCUMENTATION_COMMENTS = YES;
				CLANG_WARN_SUSPICIOUS_MOVES = YES;
				CODE_SIGN_IDENTITY = "";
				DEFINES_MODULE = YES;
				DEVELOPMENT_TEAM = 46UKZ786J3;
				DYLIB_COMPATIBILITY_VERSION = 1;
				DYLIB_CURRENT_VERSION = 1;
				DYLIB_INSTALL_NAME_BASE = "@rpath";
				INFOPLIST_FILE = "ThirdParty/Support/css-layout/Info.plist";
				INSTALL_PATH = "$(LOCAL_LIBRARY_DIR)/Frameworks";
				IPHONEOS_DEPLOYMENT_TARGET = 10.0;
				LD_RUNPATH_SEARCH_PATHS = "$(inherited) @executable_path/Frameworks @loader_path/Frameworks";
				PRODUCT_BUNDLE_IDENTIFIER = com.matiascudich.TemplateKit.CSSLayout;
				PRODUCT_NAME = "$(TARGET_NAME)";
				SKIP_INSTALL = YES;
				SWIFT_ACTIVE_COMPILATION_CONDITIONS = DEBUG;
				SWIFT_VERSION = 3.0;
				USER_HEADER_SEARCH_PATHS = "";
			};
			name = Debug;
		};
		D83936F51D834EAE008CA7F1 /* Release */ = {
			isa = XCBuildConfiguration;
			buildSettings = {
				ALWAYS_SEARCH_USER_PATHS = NO;
				CLANG_ALLOW_NON_MODULAR_INCLUDES_IN_FRAMEWORK_MODULES = YES;
				CLANG_WARN_DOCUMENTATION_COMMENTS = YES;
				CLANG_WARN_SUSPICIOUS_MOVES = YES;
				CODE_SIGN_IDENTITY = "";
				DEFINES_MODULE = YES;
				DEVELOPMENT_TEAM = 46UKZ786J3;
				DYLIB_COMPATIBILITY_VERSION = 1;
				DYLIB_CURRENT_VERSION = 1;
				DYLIB_INSTALL_NAME_BASE = "@rpath";
				INFOPLIST_FILE = "ThirdParty/Support/css-layout/Info.plist";
				INSTALL_PATH = "$(LOCAL_LIBRARY_DIR)/Frameworks";
				IPHONEOS_DEPLOYMENT_TARGET = 10.0;
				LD_RUNPATH_SEARCH_PATHS = "$(inherited) @executable_path/Frameworks @loader_path/Frameworks";
				PRODUCT_BUNDLE_IDENTIFIER = com.matiascudich.TemplateKit.CSSLayout;
				PRODUCT_NAME = "$(TARGET_NAME)";
				SKIP_INSTALL = YES;
				SWIFT_OPTIMIZATION_LEVEL = "-Owholemodule";
				SWIFT_VERSION = 3.0;
				USER_HEADER_SEARCH_PATHS = "";
			};
			name = Release;
		};
		D89194201D57F1FB0049991F /* Debug */ = {
			isa = XCBuildConfiguration;
			buildSettings = {
				ALWAYS_SEARCH_USER_PATHS = NO;
				CLANG_ALLOW_NON_MODULAR_INCLUDES_IN_FRAMEWORK_MODULES = NO;
				CLANG_ANALYZER_NONNULL = YES;
				CLANG_CXX_LANGUAGE_STANDARD = "gnu++0x";
				CLANG_CXX_LIBRARY = "libc++";
				CLANG_ENABLE_MODULES = YES;
				CLANG_ENABLE_OBJC_ARC = YES;
				CLANG_WARN_BOOL_CONVERSION = YES;
				CLANG_WARN_CONSTANT_CONVERSION = YES;
				CLANG_WARN_DIRECT_OBJC_ISA_USAGE = YES_ERROR;
				CLANG_WARN_EMPTY_BODY = YES;
				CLANG_WARN_ENUM_CONVERSION = YES;
				CLANG_WARN_INFINITE_RECURSION = YES;
				CLANG_WARN_INT_CONVERSION = YES;
				CLANG_WARN_OBJC_ROOT_CLASS = YES_ERROR;
				CLANG_WARN_SUSPICIOUS_MOVE = YES;
				CLANG_WARN_UNREACHABLE_CODE = YES;
				CLANG_WARN__DUPLICATE_METHOD_MATCH = YES;
				"CODE_SIGN_IDENTITY[sdk=iphoneos*]" = "iPhone Developer";
				COPY_PHASE_STRIP = NO;
				CURRENT_PROJECT_VERSION = 1;
				DEBUG_INFORMATION_FORMAT = dwarf;
				ENABLE_STRICT_OBJC_MSGSEND = YES;
				ENABLE_TESTABILITY = YES;
				GCC_C_LANGUAGE_STANDARD = gnu99;
				GCC_DYNAMIC_NO_PIC = NO;
				GCC_NO_COMMON_BLOCKS = YES;
				GCC_OPTIMIZATION_LEVEL = 0;
				GCC_PREPROCESSOR_DEFINITIONS = (
					"DEBUG=1",
					"$(inherited)",
				);
				GCC_WARN_64_TO_32_BIT_CONVERSION = YES;
				GCC_WARN_ABOUT_RETURN_TYPE = YES_ERROR;
				GCC_WARN_UNDECLARED_SELECTOR = YES;
				GCC_WARN_UNINITIALIZED_AUTOS = YES_AGGRESSIVE;
				GCC_WARN_UNUSED_FUNCTION = YES;
				GCC_WARN_UNUSED_VARIABLE = YES;
				IPHONEOS_DEPLOYMENT_TARGET = 9.3;
				MTL_ENABLE_DEBUG_INFO = YES;
				ONLY_ACTIVE_ARCH = YES;
				SDKROOT = iphoneos;
				SWIFT_OPTIMIZATION_LEVEL = "-Onone";
				TARGETED_DEVICE_FAMILY = "1,2";
				VERSIONING_SYSTEM = "apple-generic";
				VERSION_INFO_PREFIX = "";
			};
			name = Debug;
		};
		D89194211D57F1FB0049991F /* Release */ = {
			isa = XCBuildConfiguration;
			buildSettings = {
				ALWAYS_SEARCH_USER_PATHS = NO;
				CLANG_ALLOW_NON_MODULAR_INCLUDES_IN_FRAMEWORK_MODULES = NO;
				CLANG_ANALYZER_NONNULL = YES;
				CLANG_CXX_LANGUAGE_STANDARD = "gnu++0x";
				CLANG_CXX_LIBRARY = "libc++";
				CLANG_ENABLE_MODULES = YES;
				CLANG_ENABLE_OBJC_ARC = YES;
				CLANG_WARN_BOOL_CONVERSION = YES;
				CLANG_WARN_CONSTANT_CONVERSION = YES;
				CLANG_WARN_DIRECT_OBJC_ISA_USAGE = YES_ERROR;
				CLANG_WARN_EMPTY_BODY = YES;
				CLANG_WARN_ENUM_CONVERSION = YES;
				CLANG_WARN_INFINITE_RECURSION = YES;
				CLANG_WARN_INT_CONVERSION = YES;
				CLANG_WARN_OBJC_ROOT_CLASS = YES_ERROR;
				CLANG_WARN_SUSPICIOUS_MOVE = YES;
				CLANG_WARN_UNREACHABLE_CODE = YES;
				CLANG_WARN__DUPLICATE_METHOD_MATCH = YES;
				"CODE_SIGN_IDENTITY[sdk=iphoneos*]" = "iPhone Developer";
				COPY_PHASE_STRIP = NO;
				CURRENT_PROJECT_VERSION = 1;
				DEBUG_INFORMATION_FORMAT = "dwarf-with-dsym";
				ENABLE_NS_ASSERTIONS = NO;
				ENABLE_STRICT_OBJC_MSGSEND = YES;
				GCC_C_LANGUAGE_STANDARD = gnu99;
				GCC_NO_COMMON_BLOCKS = YES;
				GCC_WARN_64_TO_32_BIT_CONVERSION = YES;
				GCC_WARN_ABOUT_RETURN_TYPE = YES_ERROR;
				GCC_WARN_UNDECLARED_SELECTOR = YES;
				GCC_WARN_UNINITIALIZED_AUTOS = YES_AGGRESSIVE;
				GCC_WARN_UNUSED_FUNCTION = YES;
				GCC_WARN_UNUSED_VARIABLE = YES;
				IPHONEOS_DEPLOYMENT_TARGET = 9.3;
				MTL_ENABLE_DEBUG_INFO = NO;
				SDKROOT = iphoneos;
				TARGETED_DEVICE_FAMILY = "1,2";
				VALIDATE_PRODUCT = YES;
				VERSIONING_SYSTEM = "apple-generic";
				VERSION_INFO_PREFIX = "";
			};
			name = Release;
		};
		D89194231D57F1FB0049991F /* Debug */ = {
			isa = XCBuildConfiguration;
			buildSettings = {
				ALWAYS_EMBED_SWIFT_STANDARD_LIBRARIES = YES;
				ALWAYS_SEARCH_USER_PATHS = NO;
				CLANG_ALLOW_NON_MODULAR_INCLUDES_IN_FRAMEWORK_MODULES = YES;
				CLANG_ENABLE_MODULES = YES;
				"CODE_SIGN_IDENTITY[sdk=iphoneos*]" = "";
				DEFINES_MODULE = YES;
				DYLIB_COMPATIBILITY_VERSION = 1;
				DYLIB_CURRENT_VERSION = 1;
				DYLIB_INSTALL_NAME_BASE = "@rpath";
				FRAMEWORK_SEARCH_PATHS = "$(inherited)";
				HEADER_SEARCH_PATHS = "";
				INFOPLIST_FILE = Source/Info.plist;
				INSTALL_PATH = "$(LOCAL_LIBRARY_DIR)/Frameworks";
				LD_RUNPATH_SEARCH_PATHS = "$(inherited) @executable_path/Frameworks @loader_path/Frameworks";
				PRODUCT_BUNDLE_IDENTIFIER = com.matiascudich.TemplateKit;
				PRODUCT_NAME = "$(TARGET_NAME)";
				SKIP_INSTALL = YES;
				SWIFT_OBJC_BRIDGING_HEADER = "";
				SWIFT_OPTIMIZATION_LEVEL = "-Onone";
				SWIFT_VERSION = 3.0;
			};
			name = Debug;
		};
		D89194241D57F1FB0049991F /* Release */ = {
			isa = XCBuildConfiguration;
			buildSettings = {
				ALWAYS_EMBED_SWIFT_STANDARD_LIBRARIES = YES;
				ALWAYS_SEARCH_USER_PATHS = NO;
				CLANG_ALLOW_NON_MODULAR_INCLUDES_IN_FRAMEWORK_MODULES = YES;
				CLANG_ENABLE_MODULES = YES;
				"CODE_SIGN_IDENTITY[sdk=iphoneos*]" = "";
				DEFINES_MODULE = YES;
				DYLIB_COMPATIBILITY_VERSION = 1;
				DYLIB_CURRENT_VERSION = 1;
				DYLIB_INSTALL_NAME_BASE = "@rpath";
				FRAMEWORK_SEARCH_PATHS = "$(inherited)";
				HEADER_SEARCH_PATHS = "";
				INFOPLIST_FILE = Source/Info.plist;
				INSTALL_PATH = "$(LOCAL_LIBRARY_DIR)/Frameworks";
				LD_RUNPATH_SEARCH_PATHS = "$(inherited) @executable_path/Frameworks @loader_path/Frameworks";
				PRODUCT_BUNDLE_IDENTIFIER = com.matiascudich.TemplateKit;
				PRODUCT_NAME = "$(TARGET_NAME)";
				SKIP_INSTALL = YES;
				SWIFT_OBJC_BRIDGING_HEADER = "";
				SWIFT_OPTIMIZATION_LEVEL = "-Owholemodule";
				SWIFT_VERSION = 3.0;
			};
			name = Release;
		};
		D89194261D57F1FB0049991F /* Debug */ = {
			isa = XCBuildConfiguration;
			buildSettings = {
				ALWAYS_EMBED_SWIFT_STANDARD_LIBRARIES = YES;
				CLANG_ENABLE_MODULES = YES;
				FRAMEWORK_SEARCH_PATHS = "$(inherited)";
				INFOPLIST_FILE = Tests/Info.plist;
				LD_RUNPATH_SEARCH_PATHS = "$(inherited) @executable_path/Frameworks @loader_path/Frameworks";
				PRODUCT_BUNDLE_IDENTIFIER = com.matiascudich.TemplateKitTests;
				PRODUCT_NAME = "$(TARGET_NAME)";
				SWIFT_OPTIMIZATION_LEVEL = "-Onone";
				SWIFT_VERSION = 3.0;
			};
			name = Debug;
		};
		D89194271D57F1FB0049991F /* Release */ = {
			isa = XCBuildConfiguration;
			buildSettings = {
				ALWAYS_EMBED_SWIFT_STANDARD_LIBRARIES = YES;
				CLANG_ENABLE_MODULES = YES;
				FRAMEWORK_SEARCH_PATHS = "$(inherited)";
				INFOPLIST_FILE = Tests/Info.plist;
				LD_RUNPATH_SEARCH_PATHS = "$(inherited) @executable_path/Frameworks @loader_path/Frameworks";
				PRODUCT_BUNDLE_IDENTIFIER = com.matiascudich.TemplateKitTests;
				PRODUCT_NAME = "$(TARGET_NAME)";
				SWIFT_OPTIMIZATION_LEVEL = "-Owholemodule";
				SWIFT_VERSION = 3.0;
			};
			name = Release;
		};
		D8C2B2591D9AF18700FF4534 /* Debug */ = {
			isa = XCBuildConfiguration;
			buildSettings = {
				CLANG_WARN_DOCUMENTATION_COMMENTS = YES;
				CLANG_WARN_SUSPICIOUS_MOVES = YES;
				CODE_SIGN_IDENTITY = "";
				DEFINES_MODULE = YES;
				DEVELOPMENT_TEAM = 46UKZ786J3;
				DYLIB_COMPATIBILITY_VERSION = 1;
				DYLIB_CURRENT_VERSION = 1;
				DYLIB_INSTALL_NAME_BASE = "@rpath";
				GCC_C_LANGUAGE_STANDARD = c99;
				INFOPLIST_FILE = "ThirdParty/Support/katana-parser/Info.plist";
				INSTALL_PATH = "$(LOCAL_LIBRARY_DIR)/Frameworks";
				IPHONEOS_DEPLOYMENT_TARGET = 10.0;
				LD_RUNPATH_SEARCH_PATHS = "$(inherited) @executable_path/Frameworks @loader_path/Frameworks";
				PRODUCT_BUNDLE_IDENTIFIER = com.matiascudich.TemplateKit.Katana;
				PRODUCT_NAME = "$(TARGET_NAME)";
				SKIP_INSTALL = YES;
				SWIFT_ACTIVE_COMPILATION_CONDITIONS = DEBUG;
				SWIFT_VERSION = 3.0;
			};
			name = Debug;
		};
		D8C2B25A1D9AF18700FF4534 /* Release */ = {
			isa = XCBuildConfiguration;
			buildSettings = {
				CLANG_WARN_DOCUMENTATION_COMMENTS = YES;
				CLANG_WARN_SUSPICIOUS_MOVES = YES;
				CODE_SIGN_IDENTITY = "";
				DEFINES_MODULE = YES;
				DEVELOPMENT_TEAM = 46UKZ786J3;
				DYLIB_COMPATIBILITY_VERSION = 1;
				DYLIB_CURRENT_VERSION = 1;
				DYLIB_INSTALL_NAME_BASE = "@rpath";
				GCC_C_LANGUAGE_STANDARD = c99;
				INFOPLIST_FILE = "ThirdParty/Support/katana-parser/Info.plist";
				INSTALL_PATH = "$(LOCAL_LIBRARY_DIR)/Frameworks";
				IPHONEOS_DEPLOYMENT_TARGET = 10.0;
				LD_RUNPATH_SEARCH_PATHS = "$(inherited) @executable_path/Frameworks @loader_path/Frameworks";
				PRODUCT_BUNDLE_IDENTIFIER = com.matiascudich.TemplateKit.Katana;
				PRODUCT_NAME = "$(TARGET_NAME)";
				SKIP_INSTALL = YES;
				SWIFT_OPTIMIZATION_LEVEL = "-Owholemodule";
				SWIFT_VERSION = 3.0;
			};
			name = Release;
		};
/* End XCBuildConfiguration section */

/* Begin XCConfigurationList section */
		D83936F31D834EAE008CA7F1 /* Build configuration list for PBXNativeTarget "CSSLayout" */ = {
			isa = XCConfigurationList;
			buildConfigurations = (
				D83936F41D834EAE008CA7F1 /* Debug */,
				D83936F51D834EAE008CA7F1 /* Release */,
			);
			defaultConfigurationIsVisible = 0;
			defaultConfigurationName = Release;
		};
		D89194081D57F1FB0049991F /* Build configuration list for PBXProject "TemplateKit" */ = {
			isa = XCConfigurationList;
			buildConfigurations = (
				D89194201D57F1FB0049991F /* Debug */,
				D89194211D57F1FB0049991F /* Release */,
			);
			defaultConfigurationIsVisible = 0;
			defaultConfigurationName = Release;
		};
		D89194221D57F1FB0049991F /* Build configuration list for PBXNativeTarget "TemplateKit" */ = {
			isa = XCConfigurationList;
			buildConfigurations = (
				D89194231D57F1FB0049991F /* Debug */,
				D89194241D57F1FB0049991F /* Release */,
			);
			defaultConfigurationIsVisible = 0;
			defaultConfigurationName = Release;
		};
		D89194251D57F1FB0049991F /* Build configuration list for PBXNativeTarget "TemplateKitTests" */ = {
			isa = XCConfigurationList;
			buildConfigurations = (
				D89194261D57F1FB0049991F /* Debug */,
				D89194271D57F1FB0049991F /* Release */,
			);
			defaultConfigurationIsVisible = 0;
			defaultConfigurationName = Release;
		};
		D8C2B2581D9AF18700FF4534 /* Build configuration list for PBXNativeTarget "Katana" */ = {
			isa = XCConfigurationList;
			buildConfigurations = (
				D8C2B2591D9AF18700FF4534 /* Debug */,
				D8C2B25A1D9AF18700FF4534 /* Release */,
			);
			defaultConfigurationIsVisible = 0;
			defaultConfigurationName = Release;
		};
/* End XCConfigurationList section */
	};
	rootObject = D89194051D57F1FB0049991F /* Project object */;
}
