// !$*UTF8*$!
{
	archiveVersion = 1;
	classes = {
	};
	objectVersion = 46;
	objects = {

/* Begin PBXBuildFile section */
		D8811CC71D5BE8FF0098624B /* ViewNode.swift in Sources */ = {isa = PBXBuildFile; fileRef = D8811CC61D5BE8FF0098624B /* ViewNode.swift */; };
		D8811CC91D5BE91E0098624B /* View.swift in Sources */ = {isa = PBXBuildFile; fileRef = D8811CC81D5BE91E0098624B /* View.swift */; };
		D8811CCD1D5C118D0098624B /* Validation.swift in Sources */ = {isa = PBXBuildFile; fileRef = D8811CCC1D5C118D0098624B /* Validation.swift */; };
		D8811CCF1D5C2A8D0098624B /* Dictionary.swift in Sources */ = {isa = PBXBuildFile; fileRef = D8811CCE1D5C2A8D0098624B /* Dictionary.swift */; };
		D8811CD11D5D815C0098624B /* ImageView.swift in Sources */ = {isa = PBXBuildFile; fileRef = D8811CD01D5D815C0098624B /* ImageView.swift */; };
		D8811CD31D5D84260098624B /* ImageService.swift in Sources */ = {isa = PBXBuildFile; fileRef = D8811CD21D5D84260098624B /* ImageService.swift */; };
		D8811CD51D5D85540098624B /* Alamofire.framework in Frameworks */ = {isa = PBXBuildFile; fileRef = D8811CD41D5D85540098624B /* Alamofire.framework */; };
		D89194121D57F1FB0049991F /* TemplateKit.h in Headers */ = {isa = PBXBuildFile; fileRef = D89194111D57F1FB0049991F /* TemplateKit.h */; settings = {ATTRIBUTES = (Public, ); }; };
		D89194191D57F1FB0049991F /* TemplateKit.framework in Frameworks */ = {isa = PBXBuildFile; fileRef = D891940E1D57F1FB0049991F /* TemplateKit.framework */; };
		D89194341D57F2450049991F /* BoxNode.swift in Sources */ = {isa = PBXBuildFile; fileRef = D89194281D57F2450049991F /* BoxNode.swift */; };
		D89194351D57F2450049991F /* ContainerNode.swift in Sources */ = {isa = PBXBuildFile; fileRef = D89194291D57F2450049991F /* ContainerNode.swift */; };
		D89194371D57F2450049991F /* Model.swift in Sources */ = {isa = PBXBuildFile; fileRef = D891942B1D57F2450049991F /* Model.swift */; };
		D89194381D57F2450049991F /* Node.swift in Sources */ = {isa = PBXBuildFile; fileRef = D891942C1D57F2450049991F /* Node.swift */; };
		D89194391D57F2450049991F /* NodeDefinition.swift in Sources */ = {isa = PBXBuildFile; fileRef = D891942D1D57F2450049991F /* NodeDefinition.swift */; };
		D891943A1D57F2450049991F /* NodeRegistry.swift in Sources */ = {isa = PBXBuildFile; fileRef = D891942E1D57F2450049991F /* NodeRegistry.swift */; };
		D891943C1D57F2450049991F /* StringRepresentable.swift in Sources */ = {isa = PBXBuildFile; fileRef = D89194301D57F2450049991F /* StringRepresentable.swift */; };
		D891943D1D57F2450049991F /* Template.swift in Sources */ = {isa = PBXBuildFile; fileRef = D89194311D57F2450049991F /* Template.swift */; };
		D891943E1D57F2450049991F /* TemplateService.swift in Sources */ = {isa = PBXBuildFile; fileRef = D89194321D57F2450049991F /* TemplateService.swift */; };
		D891943F1D57F2450049991F /* TextView.swift in Sources */ = {isa = PBXBuildFile; fileRef = D89194331D57F2450049991F /* TextView.swift */; };
		D89194451D57F24F0049991F /* BoxNodeTests.swift in Sources */ = {isa = PBXBuildFile; fileRef = D89194401D57F24F0049991F /* BoxNodeTests.swift */; };
		D89194461D57F24F0049991F /* NodeTests.swift in Sources */ = {isa = PBXBuildFile; fileRef = D89194411D57F24F0049991F /* NodeTests.swift */; };
		D89194471D57F24F0049991F /* SimpleTemplate.xml in Resources */ = {isa = PBXBuildFile; fileRef = D89194431D57F24F0049991F /* SimpleTemplate.xml */; };
		D89194481D57F24F0049991F /* TemplateWithModel.xml in Resources */ = {isa = PBXBuildFile; fileRef = D89194441D57F24F0049991F /* TemplateWithModel.xml */; };
		D891944A1D57F6910049991F /* SwiftBox.framework in Frameworks */ = {isa = PBXBuildFile; fileRef = D89194491D57F6910049991F /* SwiftBox.framework */; };
		D891944C1D57F7280049991F /* AEXML.framework in Frameworks */ = {isa = PBXBuildFile; fileRef = D891944B1D57F7280049991F /* AEXML.framework */; };
		D89195021D580B2B0049991F /* TableView.swift in Sources */ = {isa = PBXBuildFile; fileRef = D89195011D580B2B0049991F /* TableView.swift */; };
		D89195051D5A6E350049991F /* DelegateProxy.swift in Sources */ = {isa = PBXBuildFile; fileRef = D89195041D5A6E350049991F /* DelegateProxy.swift */; };
		D8CB3E161D6BF9DA003274AD /* Result.swift in Sources */ = {isa = PBXBuildFile; fileRef = D8CB3E151D6BF9DA003274AD /* Result.swift */; };
		D8CB3E181D6D15B2003274AD /* ResourceService.swift in Sources */ = {isa = PBXBuildFile; fileRef = D8CB3E171D6D15B2003274AD /* ResourceService.swift */; };
		D8CB3E1A1D6D42B2003274AD /* Error.swift in Sources */ = {isa = PBXBuildFile; fileRef = D8CB3E191D6D42B2003274AD /* Error.swift */; };
/* End PBXBuildFile section */

/* Begin PBXContainerItemProxy section */
		D891941A1D57F1FB0049991F /* PBXContainerItemProxy */ = {
			isa = PBXContainerItemProxy;
			containerPortal = D89194051D57F1FB0049991F /* Project object */;
			proxyType = 1;
			remoteGlobalIDString = D891940D1D57F1FB0049991F;
			remoteInfo = TemplateKit;
		};
/* End PBXContainerItemProxy section */

/* Begin PBXFileReference section */
		D8811CC61D5BE8FF0098624B /* ViewNode.swift */ = {isa = PBXFileReference; fileEncoding = 4; lastKnownFileType = sourcecode.swift; path = ViewNode.swift; sourceTree = "<group>"; };
		D8811CC81D5BE91E0098624B /* View.swift */ = {isa = PBXFileReference; fileEncoding = 4; lastKnownFileType = sourcecode.swift; path = View.swift; sourceTree = "<group>"; };
		D8811CCC1D5C118D0098624B /* Validation.swift */ = {isa = PBXFileReference; fileEncoding = 4; lastKnownFileType = sourcecode.swift; path = Validation.swift; sourceTree = "<group>"; };
		D8811CCE1D5C2A8D0098624B /* Dictionary.swift */ = {isa = PBXFileReference; fileEncoding = 4; lastKnownFileType = sourcecode.swift; path = Dictionary.swift; sourceTree = "<group>"; };
		D8811CD01D5D815C0098624B /* ImageView.swift */ = {isa = PBXFileReference; fileEncoding = 4; lastKnownFileType = sourcecode.swift; path = ImageView.swift; sourceTree = "<group>"; };
		D8811CD21D5D84260098624B /* ImageService.swift */ = {isa = PBXFileReference; fileEncoding = 4; lastKnownFileType = sourcecode.swift; path = ImageService.swift; sourceTree = "<group>"; };
		D8811CD41D5D85540098624B /* Alamofire.framework */ = {isa = PBXFileReference; lastKnownFileType = wrapper.framework; name = Alamofire.framework; path = Carthage/Build/iOS/Alamofire.framework; sourceTree = "<group>"; };
		D891940E1D57F1FB0049991F /* TemplateKit.framework */ = {isa = PBXFileReference; explicitFileType = wrapper.framework; includeInIndex = 0; path = TemplateKit.framework; sourceTree = BUILT_PRODUCTS_DIR; };
		D89194111D57F1FB0049991F /* TemplateKit.h */ = {isa = PBXFileReference; lastKnownFileType = sourcecode.c.h; path = TemplateKit.h; sourceTree = "<group>"; };
		D89194131D57F1FB0049991F /* Info.plist */ = {isa = PBXFileReference; lastKnownFileType = text.plist.xml; path = Info.plist; sourceTree = "<group>"; };
		D89194181D57F1FB0049991F /* TemplateKitTests.xctest */ = {isa = PBXFileReference; explicitFileType = wrapper.cfbundle; includeInIndex = 0; path = TemplateKitTests.xctest; sourceTree = BUILT_PRODUCTS_DIR; };
		D891941F1D57F1FB0049991F /* Info.plist */ = {isa = PBXFileReference; lastKnownFileType = text.plist.xml; path = Info.plist; sourceTree = "<group>"; };
		D89194281D57F2450049991F /* BoxNode.swift */ = {isa = PBXFileReference; fileEncoding = 4; lastKnownFileType = sourcecode.swift; path = BoxNode.swift; sourceTree = "<group>"; };
		D89194291D57F2450049991F /* ContainerNode.swift */ = {isa = PBXFileReference; fileEncoding = 4; lastKnownFileType = sourcecode.swift; path = ContainerNode.swift; sourceTree = "<group>"; };
		D891942B1D57F2450049991F /* Model.swift */ = {isa = PBXFileReference; fileEncoding = 4; lastKnownFileType = sourcecode.swift; path = Model.swift; sourceTree = "<group>"; };
		D891942C1D57F2450049991F /* Node.swift */ = {isa = PBXFileReference; fileEncoding = 4; lastKnownFileType = sourcecode.swift; path = Node.swift; sourceTree = "<group>"; };
		D891942D1D57F2450049991F /* NodeDefinition.swift */ = {isa = PBXFileReference; fileEncoding = 4; lastKnownFileType = sourcecode.swift; path = NodeDefinition.swift; sourceTree = "<group>"; };
		D891942E1D57F2450049991F /* NodeRegistry.swift */ = {isa = PBXFileReference; fileEncoding = 4; lastKnownFileType = sourcecode.swift; path = NodeRegistry.swift; sourceTree = "<group>"; };
		D89194301D57F2450049991F /* StringRepresentable.swift */ = {isa = PBXFileReference; fileEncoding = 4; lastKnownFileType = sourcecode.swift; path = StringRepresentable.swift; sourceTree = "<group>"; };
		D89194311D57F2450049991F /* Template.swift */ = {isa = PBXFileReference; fileEncoding = 4; lastKnownFileType = sourcecode.swift; path = Template.swift; sourceTree = "<group>"; };
		D89194321D57F2450049991F /* TemplateService.swift */ = {isa = PBXFileReference; fileEncoding = 4; lastKnownFileType = sourcecode.swift; path = TemplateService.swift; sourceTree = "<group>"; };
		D89194331D57F2450049991F /* TextView.swift */ = {isa = PBXFileReference; fileEncoding = 4; lastKnownFileType = sourcecode.swift; path = TextView.swift; sourceTree = "<group>"; };
		D89194401D57F24F0049991F /* BoxNodeTests.swift */ = {isa = PBXFileReference; fileEncoding = 4; lastKnownFileType = sourcecode.swift; path = BoxNodeTests.swift; sourceTree = "<group>"; };
		D89194411D57F24F0049991F /* NodeTests.swift */ = {isa = PBXFileReference; fileEncoding = 4; lastKnownFileType = sourcecode.swift; path = NodeTests.swift; sourceTree = "<group>"; };
		D89194431D57F24F0049991F /* SimpleTemplate.xml */ = {isa = PBXFileReference; fileEncoding = 4; lastKnownFileType = text.xml; path = SimpleTemplate.xml; sourceTree = "<group>"; };
		D89194441D57F24F0049991F /* TemplateWithModel.xml */ = {isa = PBXFileReference; fileEncoding = 4; lastKnownFileType = text.xml; path = TemplateWithModel.xml; sourceTree = "<group>"; };
		D89194491D57F6910049991F /* SwiftBox.framework */ = {isa = PBXFileReference; lastKnownFileType = wrapper.framework; name = SwiftBox.framework; path = Carthage/Build/iOS/SwiftBox.framework; sourceTree = "<group>"; };
		D891944B1D57F7280049991F /* AEXML.framework */ = {isa = PBXFileReference; lastKnownFileType = wrapper.framework; name = AEXML.framework; path = Carthage/Build/iOS/AEXML.framework; sourceTree = "<group>"; };
		D89195011D580B2B0049991F /* TableView.swift */ = {isa = PBXFileReference; fileEncoding = 4; lastKnownFileType = sourcecode.swift; path = TableView.swift; sourceTree = "<group>"; };
		D89195041D5A6E350049991F /* DelegateProxy.swift */ = {isa = PBXFileReference; fileEncoding = 4; lastKnownFileType = sourcecode.swift; path = DelegateProxy.swift; sourceTree = "<group>"; };
		D8CB3E151D6BF9DA003274AD /* Result.swift */ = {isa = PBXFileReference; fileEncoding = 4; lastKnownFileType = sourcecode.swift; path = Result.swift; sourceTree = "<group>"; };
		D8CB3E171D6D15B2003274AD /* ResourceService.swift */ = {isa = PBXFileReference; fileEncoding = 4; lastKnownFileType = sourcecode.swift; path = ResourceService.swift; sourceTree = "<group>"; };
		D8CB3E191D6D42B2003274AD /* Error.swift */ = {isa = PBXFileReference; fileEncoding = 4; lastKnownFileType = sourcecode.swift; path = Error.swift; sourceTree = "<group>"; };
/* End PBXFileReference section */

/* Begin PBXFrameworksBuildPhase section */
		D891940A1D57F1FB0049991F /* Frameworks */ = {
			isa = PBXFrameworksBuildPhase;
			buildActionMask = 2147483647;
			files = (
				D8811CD51D5D85540098624B /* Alamofire.framework in Frameworks */,
				D891944A1D57F6910049991F /* SwiftBox.framework in Frameworks */,
				D891944C1D57F7280049991F /* AEXML.framework in Frameworks */,
			);
			runOnlyForDeploymentPostprocessing = 0;
		};
		D89194151D57F1FB0049991F /* Frameworks */ = {
			isa = PBXFrameworksBuildPhase;
			buildActionMask = 2147483647;
			files = (
				D89194191D57F1FB0049991F /* TemplateKit.framework in Frameworks */,
			);
			runOnlyForDeploymentPostprocessing = 0;
		};
/* End PBXFrameworksBuildPhase section */

/* Begin PBXGroup section */
		D89194041D57F1FB0049991F = {
			isa = PBXGroup;
			children = (
				D8811CD41D5D85540098624B /* Alamofire.framework */,
				D891944B1D57F7280049991F /* AEXML.framework */,
				D89194491D57F6910049991F /* SwiftBox.framework */,
				D89194101D57F1FB0049991F /* TemplateKit */,
				D891941C1D57F1FB0049991F /* TemplateKitTests */,
				D891940F1D57F1FB0049991F /* Products */,
			);
			sourceTree = "<group>";
		};
		D891940F1D57F1FB0049991F /* Products */ = {
			isa = PBXGroup;
			children = (
				D891940E1D57F1FB0049991F /* TemplateKit.framework */,
				D89194181D57F1FB0049991F /* TemplateKitTests.xctest */,
			);
			name = Products;
			sourceTree = "<group>";
		};
		D89194101D57F1FB0049991F /* TemplateKit */ = {
			isa = PBXGroup;
			children = (
				D89194131D57F1FB0049991F /* Info.plist */,
				D89194281D57F2450049991F /* BoxNode.swift */,
				D89194291D57F2450049991F /* ContainerNode.swift */,
				D891942B1D57F2450049991F /* Model.swift */,
				D891942C1D57F2450049991F /* Node.swift */,
				D891942D1D57F2450049991F /* NodeDefinition.swift */,
				D891942E1D57F2450049991F /* NodeRegistry.swift */,
				D89194301D57F2450049991F /* StringRepresentable.swift */,
				D89195011D580B2B0049991F /* TableView.swift */,
				D89194311D57F2450049991F /* Template.swift */,
				D89194321D57F2450049991F /* TemplateService.swift */,
				D89194111D57F1FB0049991F /* TemplateKit.h */,
				D89194331D57F2450049991F /* TextView.swift */,
				D89195041D5A6E350049991F /* DelegateProxy.swift */,
				D8811CC61D5BE8FF0098624B /* ViewNode.swift */,
				D8811CC81D5BE91E0098624B /* View.swift */,
				D8811CCC1D5C118D0098624B /* Validation.swift */,
				D8811CCE1D5C2A8D0098624B /* Dictionary.swift */,
				D8811CD01D5D815C0098624B /* ImageView.swift */,
				D8811CD21D5D84260098624B /* ImageService.swift */,
				D8CB3E151D6BF9DA003274AD /* Result.swift */,
				D8CB3E171D6D15B2003274AD /* ResourceService.swift */,
				D8CB3E191D6D42B2003274AD /* Error.swift */,
			);
			path = TemplateKit;
			sourceTree = "<group>";
		};
		D891941C1D57F1FB0049991F /* TemplateKitTests */ = {
			isa = PBXGroup;
			children = (
				D89194401D57F24F0049991F /* BoxNodeTests.swift */,
				D89194411D57F24F0049991F /* NodeTests.swift */,
				D89194421D57F24F0049991F /* Resources */,
				D891941F1D57F1FB0049991F /* Info.plist */,
			);
			path = TemplateKitTests;
			sourceTree = "<group>";
		};
		D89194421D57F24F0049991F /* Resources */ = {
			isa = PBXGroup;
			children = (
				D89194431D57F24F0049991F /* SimpleTemplate.xml */,
				D89194441D57F24F0049991F /* TemplateWithModel.xml */,
			);
			path = Resources;
			sourceTree = "<group>";
		};
/* End PBXGroup section */

/* Begin PBXHeadersBuildPhase section */
		D891940B1D57F1FB0049991F /* Headers */ = {
			isa = PBXHeadersBuildPhase;
			buildActionMask = 2147483647;
			files = (
				D89194121D57F1FB0049991F /* TemplateKit.h in Headers */,
			);
			runOnlyForDeploymentPostprocessing = 0;
		};
/* End PBXHeadersBuildPhase section */

/* Begin PBXNativeTarget section */
		D891940D1D57F1FB0049991F /* TemplateKit */ = {
			isa = PBXNativeTarget;
			buildConfigurationList = D89194221D57F1FB0049991F /* Build configuration list for PBXNativeTarget "TemplateKit" */;
			buildPhases = (
				D89194091D57F1FB0049991F /* Sources */,
				D891940A1D57F1FB0049991F /* Frameworks */,
				D891940B1D57F1FB0049991F /* Headers */,
				D891940C1D57F1FB0049991F /* Resources */,
				D891944D1D57F89E0049991F /* ShellScript */,
			);
			buildRules = (
			);
			dependencies = (
			);
			name = TemplateKit;
			productName = TemplateKit;
			productReference = D891940E1D57F1FB0049991F /* TemplateKit.framework */;
			productType = "com.apple.product-type.framework";
		};
		D89194171D57F1FB0049991F /* TemplateKitTests */ = {
			isa = PBXNativeTarget;
			buildConfigurationList = D89194251D57F1FB0049991F /* Build configuration list for PBXNativeTarget "TemplateKitTests" */;
			buildPhases = (
				D89194141D57F1FB0049991F /* Sources */,
				D89194151D57F1FB0049991F /* Frameworks */,
				D89194161D57F1FB0049991F /* Resources */,
				D8409BF11D626BC500874201 /* ShellScript */,
			);
			buildRules = (
			);
			dependencies = (
				D891941B1D57F1FB0049991F /* PBXTargetDependency */,
			);
			name = TemplateKitTests;
			productName = TemplateKitTests;
			productReference = D89194181D57F1FB0049991F /* TemplateKitTests.xctest */;
			productType = "com.apple.product-type.bundle.unit-test";
		};
/* End PBXNativeTarget section */

/* Begin PBXProject section */
		D89194051D57F1FB0049991F /* Project object */ = {
			isa = PBXProject;
			attributes = {
				LastSwiftUpdateCheck = 0730;
				LastUpgradeCheck = 0800;
				ORGANIZATIONNAME = "Matias Cudich";
				TargetAttributes = {
					D891940D1D57F1FB0049991F = {
						CreatedOnToolsVersion = 7.3.1;
						LastSwiftMigration = 0800;
					};
					D89194171D57F1FB0049991F = {
						CreatedOnToolsVersion = 7.3.1;
						LastSwiftMigration = 0800;
					};
				};
			};
			buildConfigurationList = D89194081D57F1FB0049991F /* Build configuration list for PBXProject "TemplateKit" */;
			compatibilityVersion = "Xcode 3.2";
			developmentRegion = English;
			hasScannedForEncodings = 0;
			knownRegions = (
				en,
			);
			mainGroup = D89194041D57F1FB0049991F;
			productRefGroup = D891940F1D57F1FB0049991F /* Products */;
			projectDirPath = "";
			projectRoot = "";
			targets = (
				D891940D1D57F1FB0049991F /* TemplateKit */,
				D89194171D57F1FB0049991F /* TemplateKitTests */,
			);
		};
/* End PBXProject section */

/* Begin PBXResourcesBuildPhase section */
		D891940C1D57F1FB0049991F /* Resources */ = {
			isa = PBXResourcesBuildPhase;
			buildActionMask = 2147483647;
			files = (
			);
			runOnlyForDeploymentPostprocessing = 0;
		};
		D89194161D57F1FB0049991F /* Resources */ = {
			isa = PBXResourcesBuildPhase;
			buildActionMask = 2147483647;
			files = (
				D89194471D57F24F0049991F /* SimpleTemplate.xml in Resources */,
				D89194481D57F24F0049991F /* TemplateWithModel.xml in Resources */,
			);
			runOnlyForDeploymentPostprocessing = 0;
		};
/* End PBXResourcesBuildPhase section */

/* Begin PBXShellScriptBuildPhase section */
		D8409BF11D626BC500874201 /* ShellScript */ = {
			isa = PBXShellScriptBuildPhase;
			buildActionMask = 2147483647;
			files = (
			);
			inputPaths = (
				"$(SRCROOT)/Carthage/Build/iOS/SwiftBox.framework",
			);
			outputPaths = (
			);
			runOnlyForDeploymentPostprocessing = 0;
			shellPath = /bin/sh;
			shellScript = "/usr/local/bin/carthage copy-frameworks";
		};
		D891944D1D57F89E0049991F /* ShellScript */ = {
			isa = PBXShellScriptBuildPhase;
			buildActionMask = 2147483647;
			files = (
			);
			inputPaths = (
				"$(SRCROOT)/Carthage/Build/iOS/AEXML.framework",
				"$(SRCROOT)/Carthage/Build/iOS/SwiftBox.framework",
				"$(SRCROOT)/Carthage/Build/iOS/Alamofire.framework",
			);
			outputPaths = (
			);
			runOnlyForDeploymentPostprocessing = 0;
			shellPath = /bin/sh;
			shellScript = "/usr/local/bin/carthage copy-frameworks";
		};
/* End PBXShellScriptBuildPhase section */

/* Begin PBXSourcesBuildPhase section */
		D89194091D57F1FB0049991F /* Sources */ = {
			isa = PBXSourcesBuildPhase;
			buildActionMask = 2147483647;
			files = (
				D8811CC91D5BE91E0098624B /* View.swift in Sources */,
				D891943F1D57F2450049991F /* TextView.swift in Sources */,
				D8811CC71D5BE8FF0098624B /* ViewNode.swift in Sources */,
				D891943E1D57F2450049991F /* TemplateService.swift in Sources */,
				D89194341D57F2450049991F /* BoxNode.swift in Sources */,
				D8811CD31D5D84260098624B /* ImageService.swift in Sources */,
				D8CB3E161D6BF9DA003274AD /* Result.swift in Sources */,
				D8811CCF1D5C2A8D0098624B /* Dictionary.swift in Sources */,
				D8811CD11D5D815C0098624B /* ImageView.swift in Sources */,
				D89194381D57F2450049991F /* Node.swift in Sources */,
				D891943C1D57F2450049991F /* StringRepresentable.swift in Sources */,
				D89194351D57F2450049991F /* ContainerNode.swift in Sources */,
				D8CB3E181D6D15B2003274AD /* ResourceService.swift in Sources */,
				D8CB3E1A1D6D42B2003274AD /* Error.swift in Sources */,
				D8811CCD1D5C118D0098624B /* Validation.swift in Sources */,
				D89195051D5A6E350049991F /* DelegateProxy.swift in Sources */,
				D891943D1D57F2450049991F /* Template.swift in Sources */,
				D89195021D580B2B0049991F /* TableView.swift in Sources */,
				D89194391D57F2450049991F /* NodeDefinition.swift in Sources */,
				D89194371D57F2450049991F /* Model.swift in Sources */,
				D891943A1D57F2450049991F /* NodeRegistry.swift in Sources */,
			);
			runOnlyForDeploymentPostprocessing = 0;
		};
		D89194141D57F1FB0049991F /* Sources */ = {
			isa = PBXSourcesBuildPhase;
			buildActionMask = 2147483647;
			files = (
				D89194461D57F24F0049991F /* NodeTests.swift in Sources */,
				D89194451D57F24F0049991F /* BoxNodeTests.swift in Sources */,
			);
			runOnlyForDeploymentPostprocessing = 0;
		};
/* End PBXSourcesBuildPhase section */

/* Begin PBXTargetDependency section */
		D891941B1D57F1FB0049991F /* PBXTargetDependency */ = {
			isa = PBXTargetDependency;
			target = D891940D1D57F1FB0049991F /* TemplateKit */;
			targetProxy = D891941A1D57F1FB0049991F /* PBXContainerItemProxy */;
		};
/* End PBXTargetDependency section */

/* Begin XCBuildConfiguration section */
		D89194201D57F1FB0049991F /* Debug */ = {
			isa = XCBuildConfiguration;
			buildSettings = {
				ALWAYS_SEARCH_USER_PATHS = NO;
				CLANG_ANALYZER_NONNULL = YES;
				CLANG_CXX_LANGUAGE_STANDARD = "gnu++0x";
				CLANG_CXX_LIBRARY = "libc++";
				CLANG_ENABLE_MODULES = YES;
				CLANG_ENABLE_OBJC_ARC = YES;
				CLANG_WARN_BOOL_CONVERSION = YES;
				CLANG_WARN_CONSTANT_CONVERSION = YES;
				CLANG_WARN_DIRECT_OBJC_ISA_USAGE = YES_ERROR;
				CLANG_WARN_EMPTY_BODY = YES;
				CLANG_WARN_ENUM_CONVERSION = YES;
				CLANG_WARN_INFINITE_RECURSION = YES;
				CLANG_WARN_INT_CONVERSION = YES;
				CLANG_WARN_OBJC_ROOT_CLASS = YES_ERROR;
				CLANG_WARN_SUSPICIOUS_MOVE = YES;
				CLANG_WARN_UNREACHABLE_CODE = YES;
				CLANG_WARN__DUPLICATE_METHOD_MATCH = YES;
				"CODE_SIGN_IDENTITY[sdk=iphoneos*]" = "iPhone Developer";
				COPY_PHASE_STRIP = NO;
				CURRENT_PROJECT_VERSION = 1;
				DEBUG_INFORMATION_FORMAT = dwarf;
				ENABLE_STRICT_OBJC_MSGSEND = YES;
				ENABLE_TESTABILITY = YES;
				GCC_C_LANGUAGE_STANDARD = gnu99;
				GCC_DYNAMIC_NO_PIC = NO;
				GCC_NO_COMMON_BLOCKS = YES;
				GCC_OPTIMIZATION_LEVEL = 0;
				GCC_PREPROCESSOR_DEFINITIONS = (
					"DEBUG=1",
					"$(inherited)",
				);
				GCC_WARN_64_TO_32_BIT_CONVERSION = YES;
				GCC_WARN_ABOUT_RETURN_TYPE = YES_ERROR;
				GCC_WARN_UNDECLARED_SELECTOR = YES;
				GCC_WARN_UNINITIALIZED_AUTOS = YES_AGGRESSIVE;
				GCC_WARN_UNUSED_FUNCTION = YES;
				GCC_WARN_UNUSED_VARIABLE = YES;
				IPHONEOS_DEPLOYMENT_TARGET = 9.3;
				MTL_ENABLE_DEBUG_INFO = YES;
				ONLY_ACTIVE_ARCH = YES;
				SDKROOT = iphoneos;
				SWIFT_OPTIMIZATION_LEVEL = "-Onone";
				TARGETED_DEVICE_FAMILY = "1,2";
				VERSIONING_SYSTEM = "apple-generic";
				VERSION_INFO_PREFIX = "";
			};
			name = Debug;
		};
		D89194211D57F1FB0049991F /* Release */ = {
			isa = XCBuildConfiguration;
			buildSettings = {
				ALWAYS_SEARCH_USER_PATHS = NO;
				CLANG_ANALYZER_NONNULL = YES;
				CLANG_CXX_LANGUAGE_STANDARD = "gnu++0x";
				CLANG_CXX_LIBRARY = "libc++";
				CLANG_ENABLE_MODULES = YES;
				CLANG_ENABLE_OBJC_ARC = YES;
				CLANG_WARN_BOOL_CONVERSION = YES;
				CLANG_WARN_CONSTANT_CONVERSION = YES;
				CLANG_WARN_DIRECT_OBJC_ISA_USAGE = YES_ERROR;
				CLANG_WARN_EMPTY_BODY = YES;
				CLANG_WARN_ENUM_CONVERSION = YES;
				CLANG_WARN_INFINITE_RECURSION = YES;
				CLANG_WARN_INT_CONVERSION = YES;
				CLANG_WARN_OBJC_ROOT_CLASS = YES_ERROR;
				CLANG_WARN_SUSPICIOUS_MOVE = YES;
				CLANG_WARN_UNREACHABLE_CODE = YES;
				CLANG_WARN__DUPLICATE_METHOD_MATCH = YES;
				"CODE_SIGN_IDENTITY[sdk=iphoneos*]" = "iPhone Developer";
				COPY_PHASE_STRIP = NO;
				CURRENT_PROJECT_VERSION = 1;
				DEBUG_INFORMATION_FORMAT = "dwarf-with-dsym";
				ENABLE_NS_ASSERTIONS = NO;
				ENABLE_STRICT_OBJC_MSGSEND = YES;
				GCC_C_LANGUAGE_STANDARD = gnu99;
				GCC_NO_COMMON_BLOCKS = YES;
				GCC_WARN_64_TO_32_BIT_CONVERSION = YES;
				GCC_WARN_ABOUT_RETURN_TYPE = YES_ERROR;
				GCC_WARN_UNDECLARED_SELECTOR = YES;
				GCC_WARN_UNINITIALIZED_AUTOS = YES_AGGRESSIVE;
				GCC_WARN_UNUSED_FUNCTION = YES;
				GCC_WARN_UNUSED_VARIABLE = YES;
				IPHONEOS_DEPLOYMENT_TARGET = 9.3;
				MTL_ENABLE_DEBUG_INFO = NO;
				SDKROOT = iphoneos;
				TARGETED_DEVICE_FAMILY = "1,2";
				VALIDATE_PRODUCT = YES;
				VERSIONING_SYSTEM = "apple-generic";
				VERSION_INFO_PREFIX = "";
			};
			name = Release;
		};
		D89194231D57F1FB0049991F /* Debug */ = {
			isa = XCBuildConfiguration;
			buildSettings = {
				ALWAYS_EMBED_SWIFT_STANDARD_LIBRARIES = NO;
				CLANG_ENABLE_MODULES = YES;
				"CODE_SIGN_IDENTITY[sdk=iphoneos*]" = "";
				DEFINES_MODULE = YES;
				DYLIB_COMPATIBILITY_VERSION = 1;
				DYLIB_CURRENT_VERSION = 1;
				DYLIB_INSTALL_NAME_BASE = "@rpath";
				FRAMEWORK_SEARCH_PATHS = (
					"$(inherited)",
					"$(PROJECT_DIR)/Carthage/Build/iOS",
				);
				INFOPLIST_FILE = TemplateKit/Info.plist;
				INSTALL_PATH = "$(LOCAL_LIBRARY_DIR)/Frameworks";
				LD_RUNPATH_SEARCH_PATHS = "$(inherited) @executable_path/Frameworks @loader_path/Frameworks";
				PRODUCT_BUNDLE_IDENTIFIER = com.matiascudich.TemplateKit;
				PRODUCT_NAME = "$(TARGET_NAME)";
				SKIP_INSTALL = YES;
				SWIFT_OBJC_BRIDGING_HEADER = "";
				SWIFT_OPTIMIZATION_LEVEL = "-Onone";
				SWIFT_VERSION = 3.0;
			};
			name = Debug;
		};
		D89194241D57F1FB0049991F /* Release */ = {
			isa = XCBuildConfiguration;
			buildSettings = {
				ALWAYS_EMBED_SWIFT_STANDARD_LIBRARIES = NO;
				CLANG_ENABLE_MODULES = YES;
				"CODE_SIGN_IDENTITY[sdk=iphoneos*]" = "";
				DEFINES_MODULE = YES;
				DYLIB_COMPATIBILITY_VERSION = 1;
				DYLIB_CURRENT_VERSION = 1;
				DYLIB_INSTALL_NAME_BASE = "@rpath";
				FRAMEWORK_SEARCH_PATHS = (
					"$(inherited)",
					"$(PROJECT_DIR)/Carthage/Build/iOS",
				);
				INFOPLIST_FILE = TemplateKit/Info.plist;
				INSTALL_PATH = "$(LOCAL_LIBRARY_DIR)/Frameworks";
				LD_RUNPATH_SEARCH_PATHS = "$(inherited) @executable_path/Frameworks @loader_path/Frameworks";
				PRODUCT_BUNDLE_IDENTIFIER = com.matiascudich.TemplateKit;
				PRODUCT_NAME = "$(TARGET_NAME)";
				SKIP_INSTALL = YES;
				SWIFT_OBJC_BRIDGING_HEADER = "";
				SWIFT_OPTIMIZATION_LEVEL = "-Owholemodule";
				SWIFT_VERSION = 3.0;
			};
			name = Release;
		};
		D89194261D57F1FB0049991F /* Debug */ = {
			isa = XCBuildConfiguration;
			buildSettings = {
				ALWAYS_EMBED_SWIFT_STANDARD_LIBRARIES = NO;
				FRAMEWORK_SEARCH_PATHS = (
					"$(inherited)",
					"$(PROJECT_DIR)/Carthage/Build/iOS",
				);
				INFOPLIST_FILE = TemplateKitTests/Info.plist;
				LD_RUNPATH_SEARCH_PATHS = "$(inherited) @executable_path/Frameworks @loader_path/Frameworks";
				PRODUCT_BUNDLE_IDENTIFIER = com.matiascudich.TemplateKitTests;
				PRODUCT_NAME = "$(TARGET_NAME)";
				SWIFT_VERSION = 3.0;
			};
			name = Debug;
		};
		D89194271D57F1FB0049991F /* Release */ = {
			isa = XCBuildConfiguration;
			buildSettings = {
				ALWAYS_EMBED_SWIFT_STANDARD_LIBRARIES = NO;
				FRAMEWORK_SEARCH_PATHS = (
					"$(inherited)",
					"$(PROJECT_DIR)/Carthage/Build/iOS",
				);
				INFOPLIST_FILE = TemplateKitTests/Info.plist;
				LD_RUNPATH_SEARCH_PATHS = "$(inherited) @executable_path/Frameworks @loader_path/Frameworks";
				PRODUCT_BUNDLE_IDENTIFIER = com.matiascudich.TemplateKitTests;
				PRODUCT_NAME = "$(TARGET_NAME)";
				SWIFT_OPTIMIZATION_LEVEL = "-Owholemodule";
				SWIFT_VERSION = 3.0;
			};
			name = Release;
		};
/* End XCBuildConfiguration section */

/* Begin XCConfigurationList section */
		D89194081D57F1FB0049991F /* Build configuration list for PBXProject "TemplateKit" */ = {
			isa = XCConfigurationList;
			buildConfigurations = (
				D89194201D57F1FB0049991F /* Debug */,
				D89194211D57F1FB0049991F /* Release */,
			);
			defaultConfigurationIsVisible = 0;
			defaultConfigurationName = Release;
		};
		D89194221D57F1FB0049991F /* Build configuration list for PBXNativeTarget "TemplateKit" */ = {
			isa = XCConfigurationList;
			buildConfigurations = (
				D89194231D57F1FB0049991F /* Debug */,
				D89194241D57F1FB0049991F /* Release */,
			);
			defaultConfigurationIsVisible = 0;
			defaultConfigurationName = Release;
		};
		D89194251D57F1FB0049991F /* Build configuration list for PBXNativeTarget "TemplateKitTests" */ = {
			isa = XCConfigurationList;
			buildConfigurations = (
				D89194261D57F1FB0049991F /* Debug */,
				D89194271D57F1FB0049991F /* Release */,
			);
			defaultConfigurationIsVisible = 0;
			defaultConfigurationName = Release;
		};
/* End XCConfigurationList section */
	};
	rootObject = D89194051D57F1FB0049991F /* Project object */;
}
