// !$*UTF8*$!
{
	archiveVersion = 1;
	classes = {
	};
	objectVersion = 46;
	objects = {

/* Begin PBXBuildFile section */
		180F3BBB8946117C3664E17A /* Pods_TemplateKitTests.framework in Frameworks */ = {isa = PBXBuildFile; fileRef = 88391428CBA911A2463BA5DB /* Pods_TemplateKitTests.framework */; };
		D84BD3741D3C23B500D0EB79 /* TemplateKit.h in Headers */ = {isa = PBXBuildFile; fileRef = D84BD3731D3C23B500D0EB79 /* TemplateKit.h */; settings = {ATTRIBUTES = (Public, ); }; };
		D84BD37B1D3C23B500D0EB79 /* TemplateKit.framework in Frameworks */ = {isa = PBXBuildFile; fileRef = D84BD3701D3C23B500D0EB79 /* TemplateKit.framework */; };
		D84BD3971D3C245B00D0EB79 /* BoxNode.swift in Sources */ = {isa = PBXBuildFile; fileRef = D84BD38A1D3C245B00D0EB79 /* BoxNode.swift */; };
		D84BD3981D3C245B00D0EB79 /* ContainerNode.swift in Sources */ = {isa = PBXBuildFile; fileRef = D84BD38B1D3C245B00D0EB79 /* ContainerNode.swift */; };
		D84BD3991D3C245B00D0EB79 /* LocalXMLNodeProvider.swift in Sources */ = {isa = PBXBuildFile; fileRef = D84BD38C1D3C245B00D0EB79 /* LocalXMLNodeProvider.swift */; };
		D84BD39A1D3C245B00D0EB79 /* Model.swift in Sources */ = {isa = PBXBuildFile; fileRef = D84BD38D1D3C245B00D0EB79 /* Model.swift */; };
		D84BD39B1D3C245B00D0EB79 /* Node.swift in Sources */ = {isa = PBXBuildFile; fileRef = D84BD38E1D3C245B00D0EB79 /* Node.swift */; };
		D84BD39C1D3C245B00D0EB79 /* NodeDefinition.swift in Sources */ = {isa = PBXBuildFile; fileRef = D84BD38F1D3C245B00D0EB79 /* NodeDefinition.swift */; };
		D84BD39D1D3C245B00D0EB79 /* NodeRegistry.swift in Sources */ = {isa = PBXBuildFile; fileRef = D84BD3901D3C245B00D0EB79 /* NodeRegistry.swift */; };
		D84BD39E1D3C245B00D0EB79 /* OrderedSet.swift in Sources */ = {isa = PBXBuildFile; fileRef = D84BD3911D3C245B00D0EB79 /* OrderedSet.swift */; };
		D84BD39F1D3C245B00D0EB79 /* StringRepresentable.swift in Sources */ = {isa = PBXBuildFile; fileRef = D84BD3921D3C245B00D0EB79 /* StringRepresentable.swift */; };
		D84BD3A01D3C245B00D0EB79 /* TableView.swift in Sources */ = {isa = PBXBuildFile; fileRef = D84BD3931D3C245B00D0EB79 /* TableView.swift */; };
		D84BD3A11D3C245B00D0EB79 /* Template.swift in Sources */ = {isa = PBXBuildFile; fileRef = D84BD3941D3C245B00D0EB79 /* Template.swift */; };
		D84BD3A21D3C245B00D0EB79 /* TemplateClient.swift in Sources */ = {isa = PBXBuildFile; fileRef = D84BD3951D3C245B00D0EB79 /* TemplateClient.swift */; };
		D84BD3A31D3C245B00D0EB79 /* TextNode.swift in Sources */ = {isa = PBXBuildFile; fileRef = D84BD3961D3C245B00D0EB79 /* TextNode.swift */; };
		D84BD3B71D3C254400D0EB79 /* Pods_TemplateKit.framework in Frameworks */ = {isa = PBXBuildFile; fileRef = D84BD3B61D3C254400D0EB79 /* Pods_TemplateKit.framework */; };
		D84BD3C11D3C25A300D0EB79 /* BoxNodeTests.swift in Sources */ = {isa = PBXBuildFile; fileRef = D84BD3BB1D3C259F00D0EB79 /* BoxNodeTests.swift */; };
		D84BD3C21D3C25A300D0EB79 /* NodeTests.swift in Sources */ = {isa = PBXBuildFile; fileRef = D84BD3BC1D3C259F00D0EB79 /* NodeTests.swift */; };
		FF99F4FC36E1219CDEFCA712 /* Pods_TemplateKit.framework in Frameworks */ = {isa = PBXBuildFile; fileRef = D96882A1E7A41B838930746E /* Pods_TemplateKit.framework */; };
/* End PBXBuildFile section */

/* Begin PBXContainerItemProxy section */
		D84BD37C1D3C23B500D0EB79 /* PBXContainerItemProxy */ = {
			isa = PBXContainerItemProxy;
			containerPortal = D84BD3671D3C23B500D0EB79 /* Project object */;
			proxyType = 1;
			remoteGlobalIDString = D84BD36F1D3C23B500D0EB79;
			remoteInfo = TemplateKit;
		};
		D84BD3AA1D3C247600D0EB79 /* PBXContainerItemProxy */ = {
			isa = PBXContainerItemProxy;
			containerPortal = D84BD3A41D3C247600D0EB79 /* SwiftBox.xcodeproj */;
			proxyType = 2;
			remoteGlobalIDString = 882D60681A7F05E1001C5181;
			remoteInfo = "SwiftBox-Mac";
		};
		D84BD3AC1D3C247600D0EB79 /* PBXContainerItemProxy */ = {
			isa = PBXContainerItemProxy;
			containerPortal = D84BD3A41D3C247600D0EB79 /* SwiftBox.xcodeproj */;
			proxyType = 2;
			remoteGlobalIDString = 882D60731A7F05E1001C5181;
			remoteInfo = SwiftBoxTests;
		};
		D84BD3AE1D3C247600D0EB79 /* PBXContainerItemProxy */ = {
			isa = PBXContainerItemProxy;
			containerPortal = D84BD3A41D3C247600D0EB79 /* SwiftBox.xcodeproj */;
			proxyType = 2;
			remoteGlobalIDString = 889865B31AAFD89B009C19D1;
			remoteInfo = "SwiftBox-iOS";
		};
		D84BD3B01D3C249300D0EB79 /* PBXContainerItemProxy */ = {
			isa = PBXContainerItemProxy;
			containerPortal = D84BD3A41D3C247600D0EB79 /* SwiftBox.xcodeproj */;
			proxyType = 1;
			remoteGlobalIDString = 889865B21AAFD89B009C19D1;
			remoteInfo = "SwiftBox-iOS";
		};
/* End PBXContainerItemProxy section */

/* Begin PBXFileReference section */
		1D1D4D2014AD775B597A452A /* Pods-TemplateKit.debug.xcconfig */ = {isa = PBXFileReference; includeInIndex = 1; lastKnownFileType = text.xcconfig; name = "Pods-TemplateKit.debug.xcconfig"; path = "Pods/Target Support Files/Pods-TemplateKit/Pods-TemplateKit.debug.xcconfig"; sourceTree = "<group>"; };
		51BBC9094D555F1D3755B1F3 /* Pods-TemplateKitTests.debug.xcconfig */ = {isa = PBXFileReference; includeInIndex = 1; lastKnownFileType = text.xcconfig; name = "Pods-TemplateKitTests.debug.xcconfig"; path = "Pods/Target Support Files/Pods-TemplateKitTests/Pods-TemplateKitTests.debug.xcconfig"; sourceTree = "<group>"; };
		6CEB251A15A49CC987CD60EE /* Pods-TemplateKitTests.release.xcconfig */ = {isa = PBXFileReference; includeInIndex = 1; lastKnownFileType = text.xcconfig; name = "Pods-TemplateKitTests.release.xcconfig"; path = "Pods/Target Support Files/Pods-TemplateKitTests/Pods-TemplateKitTests.release.xcconfig"; sourceTree = "<group>"; };
		88391428CBA911A2463BA5DB /* Pods_TemplateKitTests.framework */ = {isa = PBXFileReference; explicitFileType = wrapper.framework; includeInIndex = 0; path = Pods_TemplateKitTests.framework; sourceTree = BUILT_PRODUCTS_DIR; };
		BEEA8BE0DC5A72A53D67E08F /* Pods-TemplateKit.release.xcconfig */ = {isa = PBXFileReference; includeInIndex = 1; lastKnownFileType = text.xcconfig; name = "Pods-TemplateKit.release.xcconfig"; path = "Pods/Target Support Files/Pods-TemplateKit/Pods-TemplateKit.release.xcconfig"; sourceTree = "<group>"; };
		D84BD3701D3C23B500D0EB79 /* TemplateKit.framework */ = {isa = PBXFileReference; explicitFileType = wrapper.framework; includeInIndex = 0; path = TemplateKit.framework; sourceTree = BUILT_PRODUCTS_DIR; };
		D84BD3731D3C23B500D0EB79 /* TemplateKit.h */ = {isa = PBXFileReference; lastKnownFileType = sourcecode.c.h; path = TemplateKit.h; sourceTree = "<group>"; };
		D84BD3751D3C23B500D0EB79 /* Info.plist */ = {isa = PBXFileReference; lastKnownFileType = text.plist.xml; path = Info.plist; sourceTree = "<group>"; };
		D84BD37A1D3C23B500D0EB79 /* TemplateKitTests.xctest */ = {isa = PBXFileReference; explicitFileType = wrapper.cfbundle; includeInIndex = 0; path = TemplateKitTests.xctest; sourceTree = BUILT_PRODUCTS_DIR; };
		D84BD3811D3C23B500D0EB79 /* Info.plist */ = {isa = PBXFileReference; lastKnownFileType = text.plist.xml; path = Info.plist; sourceTree = "<group>"; };
		D84BD38A1D3C245B00D0EB79 /* BoxNode.swift */ = {isa = PBXFileReference; fileEncoding = 4; lastKnownFileType = sourcecode.swift; path = BoxNode.swift; sourceTree = "<group>"; };
		D84BD38B1D3C245B00D0EB79 /* ContainerNode.swift */ = {isa = PBXFileReference; fileEncoding = 4; lastKnownFileType = sourcecode.swift; path = ContainerNode.swift; sourceTree = "<group>"; };
		D84BD38C1D3C245B00D0EB79 /* LocalXMLNodeProvider.swift */ = {isa = PBXFileReference; fileEncoding = 4; lastKnownFileType = sourcecode.swift; path = LocalXMLNodeProvider.swift; sourceTree = "<group>"; };
		D84BD38D1D3C245B00D0EB79 /* Model.swift */ = {isa = PBXFileReference; fileEncoding = 4; lastKnownFileType = sourcecode.swift; path = Model.swift; sourceTree = "<group>"; };
		D84BD38E1D3C245B00D0EB79 /* Node.swift */ = {isa = PBXFileReference; fileEncoding = 4; lastKnownFileType = sourcecode.swift; path = Node.swift; sourceTree = "<group>"; };
		D84BD38F1D3C245B00D0EB79 /* NodeDefinition.swift */ = {isa = PBXFileReference; fileEncoding = 4; lastKnownFileType = sourcecode.swift; path = NodeDefinition.swift; sourceTree = "<group>"; };
		D84BD3901D3C245B00D0EB79 /* NodeRegistry.swift */ = {isa = PBXFileReference; fileEncoding = 4; lastKnownFileType = sourcecode.swift; path = NodeRegistry.swift; sourceTree = "<group>"; };
		D84BD3911D3C245B00D0EB79 /* OrderedSet.swift */ = {isa = PBXFileReference; fileEncoding = 4; lastKnownFileType = sourcecode.swift; path = OrderedSet.swift; sourceTree = "<group>"; };
		D84BD3921D3C245B00D0EB79 /* StringRepresentable.swift */ = {isa = PBXFileReference; fileEncoding = 4; lastKnownFileType = sourcecode.swift; path = StringRepresentable.swift; sourceTree = "<group>"; };
		D84BD3931D3C245B00D0EB79 /* TableView.swift */ = {isa = PBXFileReference; fileEncoding = 4; lastKnownFileType = sourcecode.swift; path = TableView.swift; sourceTree = "<group>"; };
		D84BD3941D3C245B00D0EB79 /* Template.swift */ = {isa = PBXFileReference; fileEncoding = 4; lastKnownFileType = sourcecode.swift; path = Template.swift; sourceTree = "<group>"; };
		D84BD3951D3C245B00D0EB79 /* TemplateClient.swift */ = {isa = PBXFileReference; fileEncoding = 4; lastKnownFileType = sourcecode.swift; path = TemplateClient.swift; sourceTree = "<group>"; };
		D84BD3961D3C245B00D0EB79 /* TextNode.swift */ = {isa = PBXFileReference; fileEncoding = 4; lastKnownFileType = sourcecode.swift; path = TextNode.swift; sourceTree = "<group>"; };
		D84BD3A41D3C247600D0EB79 /* SwiftBox.xcodeproj */ = {isa = PBXFileReference; lastKnownFileType = "wrapper.pb-project"; name = SwiftBox.xcodeproj; path = ../SwiftBox/SwiftBox.xcodeproj; sourceTree = "<group>"; };
		D84BD3B61D3C254400D0EB79 /* Pods_TemplateKit.framework */ = {isa = PBXFileReference; lastKnownFileType = wrapper.framework; name = Pods_TemplateKit.framework; path = "../../Library/Developer/Xcode/DerivedData/TemplateKit-crrsupyuhihmajeamdepsztqvxcc/Build/Products/Debug-iphonesimulator/Pods_TemplateKit.framework"; sourceTree = "<group>"; };
		D84BD3BB1D3C259F00D0EB79 /* BoxNodeTests.swift */ = {isa = PBXFileReference; fileEncoding = 4; lastKnownFileType = sourcecode.swift; path = BoxNodeTests.swift; sourceTree = "<group>"; };
		D84BD3BC1D3C259F00D0EB79 /* NodeTests.swift */ = {isa = PBXFileReference; fileEncoding = 4; lastKnownFileType = sourcecode.swift; path = NodeTests.swift; sourceTree = "<group>"; };
		D96882A1E7A41B838930746E /* Pods_TemplateKit.framework */ = {isa = PBXFileReference; explicitFileType = wrapper.framework; includeInIndex = 0; path = Pods_TemplateKit.framework; sourceTree = BUILT_PRODUCTS_DIR; };
/* End PBXFileReference section */

/* Begin PBXFrameworksBuildPhase section */
		D84BD36C1D3C23B500D0EB79 /* Frameworks */ = {
			isa = PBXFrameworksBuildPhase;
			buildActionMask = 2147483647;
			files = (
				FF99F4FC36E1219CDEFCA712 /* Pods_TemplateKit.framework in Frameworks */,
			);
			runOnlyForDeploymentPostprocessing = 0;
		};
		D84BD3771D3C23B500D0EB79 /* Frameworks */ = {
			isa = PBXFrameworksBuildPhase;
			buildActionMask = 2147483647;
			files = (
				D84BD3B71D3C254400D0EB79 /* Pods_TemplateKit.framework in Frameworks */,
				D84BD37B1D3C23B500D0EB79 /* TemplateKit.framework in Frameworks */,
				180F3BBB8946117C3664E17A /* Pods_TemplateKitTests.framework in Frameworks */,
			);
			runOnlyForDeploymentPostprocessing = 0;
		};
/* End PBXFrameworksBuildPhase section */

/* Begin PBXGroup section */
		4037DDCE0B62D42B90F8446B /* Pods */ = {
			isa = PBXGroup;
			children = (
				1D1D4D2014AD775B597A452A /* Pods-TemplateKit.debug.xcconfig */,
				BEEA8BE0DC5A72A53D67E08F /* Pods-TemplateKit.release.xcconfig */,
				51BBC9094D555F1D3755B1F3 /* Pods-TemplateKitTests.debug.xcconfig */,
				6CEB251A15A49CC987CD60EE /* Pods-TemplateKitTests.release.xcconfig */,
			);
			name = Pods;
			sourceTree = "<group>";
		};
		76C4F88A306C4CF0D10B9DDA /* Frameworks */ = {
			isa = PBXGroup;
			children = (
				D84BD3B61D3C254400D0EB79 /* Pods_TemplateKit.framework */,
				D96882A1E7A41B838930746E /* Pods_TemplateKit.framework */,
				88391428CBA911A2463BA5DB /* Pods_TemplateKitTests.framework */,
			);
			name = Frameworks;
			sourceTree = "<group>";
		};
		D84BD3661D3C23B500D0EB79 = {
			isa = PBXGroup;
			children = (
				D84BD3A41D3C247600D0EB79 /* SwiftBox.xcodeproj */,
				D84BD3721D3C23B500D0EB79 /* Sources */,
				D84BD37E1D3C23B500D0EB79 /* Tests */,
				D84BD3711D3C23B500D0EB79 /* Products */,
				4037DDCE0B62D42B90F8446B /* Pods */,
				76C4F88A306C4CF0D10B9DDA /* Frameworks */,
			);
			sourceTree = "<group>";
		};
		D84BD3711D3C23B500D0EB79 /* Products */ = {
			isa = PBXGroup;
			children = (
				D84BD3701D3C23B500D0EB79 /* TemplateKit.framework */,
				D84BD37A1D3C23B500D0EB79 /* TemplateKitTests.xctest */,
			);
			name = Products;
			sourceTree = "<group>";
		};
		D84BD3721D3C23B500D0EB79 /* Sources */ = {
			isa = PBXGroup;
			children = (
				D84BD38A1D3C245B00D0EB79 /* BoxNode.swift */,
				D84BD38B1D3C245B00D0EB79 /* ContainerNode.swift */,
				D84BD38C1D3C245B00D0EB79 /* LocalXMLNodeProvider.swift */,
				D84BD38D1D3C245B00D0EB79 /* Model.swift */,
				D84BD38E1D3C245B00D0EB79 /* Node.swift */,
				D84BD38F1D3C245B00D0EB79 /* NodeDefinition.swift */,
				D84BD3901D3C245B00D0EB79 /* NodeRegistry.swift */,
				D84BD3911D3C245B00D0EB79 /* OrderedSet.swift */,
				D84BD3921D3C245B00D0EB79 /* StringRepresentable.swift */,
				D84BD3931D3C245B00D0EB79 /* TableView.swift */,
				D84BD3941D3C245B00D0EB79 /* Template.swift */,
				D84BD3951D3C245B00D0EB79 /* TemplateClient.swift */,
				D84BD3961D3C245B00D0EB79 /* TextNode.swift */,
				D84BD3731D3C23B500D0EB79 /* TemplateKit.h */,
				D84BD3751D3C23B500D0EB79 /* Info.plist */,
			);
			path = Sources;
			sourceTree = "<group>";
		};
		D84BD37E1D3C23B500D0EB79 /* Tests */ = {
			isa = PBXGroup;
			children = (
				D84BD3BB1D3C259F00D0EB79 /* BoxNodeTests.swift */,
				D84BD3BC1D3C259F00D0EB79 /* NodeTests.swift */,
				D84BD3811D3C23B500D0EB79 /* Info.plist */,
			);
			path = Tests;
			sourceTree = "<group>";
		};
		D84BD3A51D3C247600D0EB79 /* Products */ = {
			isa = PBXGroup;
			children = (
				D84BD3AB1D3C247600D0EB79 /* SwiftBox.framework */,
				D84BD3AD1D3C247600D0EB79 /* SwiftBoxTests.xctest */,
				D84BD3AF1D3C247600D0EB79 /* SwiftBox.framework */,
			);
			name = Products;
			sourceTree = "<group>";
		};
/* End PBXGroup section */

/* Begin PBXHeadersBuildPhase section */
		D84BD36D1D3C23B500D0EB79 /* Headers */ = {
			isa = PBXHeadersBuildPhase;
			buildActionMask = 2147483647;
			files = (
				D84BD3741D3C23B500D0EB79 /* TemplateKit.h in Headers */,
			);
			runOnlyForDeploymentPostprocessing = 0;
		};
/* End PBXHeadersBuildPhase section */

/* Begin PBXNativeTarget section */
		D84BD36F1D3C23B500D0EB79 /* TemplateKit */ = {
			isa = PBXNativeTarget;
			buildConfigurationList = D84BD3841D3C23B500D0EB79 /* Build configuration list for PBXNativeTarget "TemplateKit" */;
			buildPhases = (
				982776F9592FC743E6390FE8 /* [CP] Check Pods Manifest.lock */,
				D84BD36B1D3C23B500D0EB79 /* Sources */,
				D84BD36C1D3C23B500D0EB79 /* Frameworks */,
				D84BD36D1D3C23B500D0EB79 /* Headers */,
				D84BD36E1D3C23B500D0EB79 /* Resources */,
				C65B80F5D59CC6725EF51102 /* [CP] Copy Pods Resources */,
			);
			buildRules = (
			);
			dependencies = (
				D84BD3B11D3C249300D0EB79 /* PBXTargetDependency */,
			);
			name = TemplateKit;
			productName = TemplateKit;
			productReference = D84BD3701D3C23B500D0EB79 /* TemplateKit.framework */;
			productType = "com.apple.product-type.framework";
		};
		D84BD3791D3C23B500D0EB79 /* TemplateKitTests */ = {
			isa = PBXNativeTarget;
			buildConfigurationList = D84BD3871D3C23B500D0EB79 /* Build configuration list for PBXNativeTarget "TemplateKitTests" */;
			buildPhases = (
				E3C542C42EC5B3E781DEF49C /* [CP] Check Pods Manifest.lock */,
				D84BD3761D3C23B500D0EB79 /* Sources */,
				D84BD3771D3C23B500D0EB79 /* Frameworks */,
				D84BD3781D3C23B500D0EB79 /* Resources */,
				044C6D97CE2F2EED47BCAB60 /* [CP] Embed Pods Frameworks */,
				18046047FBDF78E01BCB4897 /* [CP] Copy Pods Resources */,
			);
			buildRules = (
			);
			dependencies = (
				D84BD37D1D3C23B500D0EB79 /* PBXTargetDependency */,
			);
			name = TemplateKitTests;
			productName = TemplateKitTests;
			productReference = D84BD37A1D3C23B500D0EB79 /* TemplateKitTests.xctest */;
			productType = "com.apple.product-type.bundle.unit-test";
		};
/* End PBXNativeTarget section */

/* Begin PBXProject section */
		D84BD3671D3C23B500D0EB79 /* Project object */ = {
			isa = PBXProject;
			attributes = {
				LastSwiftUpdateCheck = 0730;
				LastUpgradeCheck = 0730;
				ORGANIZATIONNAME = "Matias Cudich";
				TargetAttributes = {
					D84BD36F1D3C23B500D0EB79 = {
						CreatedOnToolsVersion = 7.3.1;
					};
					D84BD3791D3C23B500D0EB79 = {
						CreatedOnToolsVersion = 7.3.1;
					};
				};
			};
			buildConfigurationList = D84BD36A1D3C23B500D0EB79 /* Build configuration list for PBXProject "TemplateKit" */;
			compatibilityVersion = "Xcode 3.2";
			developmentRegion = English;
			hasScannedForEncodings = 0;
			knownRegions = (
				en,
			);
			mainGroup = D84BD3661D3C23B500D0EB79;
			productRefGroup = D84BD3711D3C23B500D0EB79 /* Products */;
			projectDirPath = "";
			projectReferences = (
				{
					ProductGroup = D84BD3A51D3C247600D0EB79 /* Products */;
					ProjectRef = D84BD3A41D3C247600D0EB79 /* SwiftBox.xcodeproj */;
				},
			);
			projectRoot = "";
			targets = (
				D84BD36F1D3C23B500D0EB79 /* TemplateKit */,
				D84BD3791D3C23B500D0EB79 /* TemplateKitTests */,
			);
		};
/* End PBXProject section */

/* Begin PBXReferenceProxy section */
		D84BD3AB1D3C247600D0EB79 /* SwiftBox.framework */ = {
			isa = PBXReferenceProxy;
			fileType = wrapper.framework;
			path = SwiftBox.framework;
			remoteRef = D84BD3AA1D3C247600D0EB79 /* PBXContainerItemProxy */;
			sourceTree = BUILT_PRODUCTS_DIR;
		};
		D84BD3AD1D3C247600D0EB79 /* SwiftBoxTests.xctest */ = {
			isa = PBXReferenceProxy;
			fileType = wrapper.cfbundle;
			path = SwiftBoxTests.xctest;
			remoteRef = D84BD3AC1D3C247600D0EB79 /* PBXContainerItemProxy */;
			sourceTree = BUILT_PRODUCTS_DIR;
		};
		D84BD3AF1D3C247600D0EB79 /* SwiftBox.framework */ = {
			isa = PBXReferenceProxy;
			fileType = wrapper.framework;
			path = SwiftBox.framework;
			remoteRef = D84BD3AE1D3C247600D0EB79 /* PBXContainerItemProxy */;
			sourceTree = BUILT_PRODUCTS_DIR;
		};
/* End PBXReferenceProxy section */

/* Begin PBXResourcesBuildPhase section */
		D84BD36E1D3C23B500D0EB79 /* Resources */ = {
			isa = PBXResourcesBuildPhase;
			buildActionMask = 2147483647;
			files = (
			);
			runOnlyForDeploymentPostprocessing = 0;
		};
		D84BD3781D3C23B500D0EB79 /* Resources */ = {
			isa = PBXResourcesBuildPhase;
			buildActionMask = 2147483647;
			files = (
			);
			runOnlyForDeploymentPostprocessing = 0;
		};
/* End PBXResourcesBuildPhase section */

/* Begin PBXShellScriptBuildPhase section */
		044C6D97CE2F2EED47BCAB60 /* [CP] Embed Pods Frameworks */ = {
			isa = PBXShellScriptBuildPhase;
			buildActionMask = 2147483647;
			files = (
			);
			inputPaths = (
			);
			name = "[CP] Embed Pods Frameworks";
			outputPaths = (
			);
			runOnlyForDeploymentPostprocessing = 0;
			shellPath = /bin/sh;
			shellScript = "\"${SRCROOT}/Pods/Target Support Files/Pods-TemplateKitTests/Pods-TemplateKitTests-frameworks.sh\"\n";
			showEnvVarsInLog = 0;
		};
		18046047FBDF78E01BCB4897 /* [CP] Copy Pods Resources */ = {
			isa = PBXShellScriptBuildPhase;
			buildActionMask = 2147483647;
			files = (
			);
			inputPaths = (
			);
			name = "[CP] Copy Pods Resources";
			outputPaths = (
			);
			runOnlyForDeploymentPostprocessing = 0;
			shellPath = /bin/sh;
			shellScript = "\"${SRCROOT}/Pods/Target Support Files/Pods-TemplateKitTests/Pods-TemplateKitTests-resources.sh\"\n";
			showEnvVarsInLog = 0;
		};
		982776F9592FC743E6390FE8 /* [CP] Check Pods Manifest.lock */ = {
			isa = PBXShellScriptBuildPhase;
			buildActionMask = 2147483647;
			files = (
			);
			inputPaths = (
			);
			name = "[CP] Check Pods Manifest.lock";
			outputPaths = (
			);
			runOnlyForDeploymentPostprocessing = 0;
			shellPath = /bin/sh;
			shellScript = "diff \"${PODS_ROOT}/../Podfile.lock\" \"${PODS_ROOT}/Manifest.lock\" > /dev/null\nif [[ $? != 0 ]] ; then\n    cat << EOM\nerror: The sandbox is not in sync with the Podfile.lock. Run 'pod install' or update your CocoaPods installation.\nEOM\n    exit 1\nfi\n";
			showEnvVarsInLog = 0;
		};
		C65B80F5D59CC6725EF51102 /* [CP] Copy Pods Resources */ = {
			isa = PBXShellScriptBuildPhase;
			buildActionMask = 2147483647;
			files = (
			);
			inputPaths = (
			);
			name = "[CP] Copy Pods Resources";
			outputPaths = (
			);
			runOnlyForDeploymentPostprocessing = 0;
			shellPath = /bin/sh;
			shellScript = "\"${SRCROOT}/Pods/Target Support Files/Pods-TemplateKit/Pods-TemplateKit-resources.sh\"\n";
			showEnvVarsInLog = 0;
		};
		E3C542C42EC5B3E781DEF49C /* [CP] Check Pods Manifest.lock */ = {
			isa = PBXShellScriptBuildPhase;
			buildActionMask = 2147483647;
			files = (
			);
			inputPaths = (
			);
			name = "[CP] Check Pods Manifest.lock";
			outputPaths = (
			);
			runOnlyForDeploymentPostprocessing = 0;
			shellPath = /bin/sh;
			shellScript = "diff \"${PODS_ROOT}/../Podfile.lock\" \"${PODS_ROOT}/Manifest.lock\" > /dev/null\nif [[ $? != 0 ]] ; then\n    cat << EOM\nerror: The sandbox is not in sync with the Podfile.lock. Run 'pod install' or update your CocoaPods installation.\nEOM\n    exit 1\nfi\n";
			showEnvVarsInLog = 0;
		};
/* End PBXShellScriptBuildPhase section */

/* Begin PBXSourcesBuildPhase section */
		D84BD36B1D3C23B500D0EB79 /* Sources */ = {
			isa = PBXSourcesBuildPhase;
			buildActionMask = 2147483647;
			files = (
				D84BD3971D3C245B00D0EB79 /* BoxNode.swift in Sources */,
				D84BD3A01D3C245B00D0EB79 /* TableView.swift in Sources */,
				D84BD39B1D3C245B00D0EB79 /* Node.swift in Sources */,
				D84BD3991D3C245B00D0EB79 /* LocalXMLNodeProvider.swift in Sources */,
				D84BD39F1D3C245B00D0EB79 /* StringRepresentable.swift in Sources */,
				D84BD3981D3C245B00D0EB79 /* ContainerNode.swift in Sources */,
				D84BD39E1D3C245B00D0EB79 /* OrderedSet.swift in Sources */,
				D84BD3A11D3C245B00D0EB79 /* Template.swift in Sources */,
				D84BD39C1D3C245B00D0EB79 /* NodeDefinition.swift in Sources */,
				D84BD39A1D3C245B00D0EB79 /* Model.swift in Sources */,
				D84BD3A31D3C245B00D0EB79 /* TextNode.swift in Sources */,
				D84BD3A21D3C245B00D0EB79 /* TemplateClient.swift in Sources */,
				D84BD39D1D3C245B00D0EB79 /* NodeRegistry.swift in Sources */,
			);
			runOnlyForDeploymentPostprocessing = 0;
		};
		D84BD3761D3C23B500D0EB79 /* Sources */ = {
			isa = PBXSourcesBuildPhase;
			buildActionMask = 2147483647;
			files = (
				D84BD3C21D3C25A300D0EB79 /* NodeTests.swift in Sources */,
				D84BD3C11D3C25A300D0EB79 /* BoxNodeTests.swift in Sources */,
			);
			runOnlyForDeploymentPostprocessing = 0;
		};
/* End PBXSourcesBuildPhase section */

/* Begin PBXTargetDependency section */
		D84BD37D1D3C23B500D0EB79 /* PBXTargetDependency */ = {
			isa = PBXTargetDependency;
			target = D84BD36F1D3C23B500D0EB79 /* TemplateKit */;
			targetProxy = D84BD37C1D3C23B500D0EB79 /* PBXContainerItemProxy */;
		};
		D84BD3B11D3C249300D0EB79 /* PBXTargetDependency */ = {
			isa = PBXTargetDependency;
			name = "SwiftBox-iOS";
			targetProxy = D84BD3B01D3C249300D0EB79 /* PBXContainerItemProxy */;
		};
/* End PBXTargetDependency section */

/* Begin XCBuildConfiguration section */
		D84BD3821D3C23B500D0EB79 /* Debug */ = {
			isa = XCBuildConfiguration;
			buildSettings = {
				ALWAYS_SEARCH_USER_PATHS = NO;
				CLANG_ANALYZER_NONNULL = YES;
				CLANG_CXX_LANGUAGE_STANDARD = "gnu++0x";
				CLANG_CXX_LIBRARY = "libc++";
				CLANG_ENABLE_MODULES = YES;
				CLANG_ENABLE_OBJC_ARC = YES;
				CLANG_WARN_BOOL_CONVERSION = YES;
				CLANG_WARN_CONSTANT_CONVERSION = YES;
				CLANG_WARN_DIRECT_OBJC_ISA_USAGE = YES_ERROR;
				CLANG_WARN_EMPTY_BODY = YES;
				CLANG_WARN_ENUM_CONVERSION = YES;
				CLANG_WARN_INT_CONVERSION = YES;
				CLANG_WARN_OBJC_ROOT_CLASS = YES_ERROR;
				CLANG_WARN_UNREACHABLE_CODE = YES;
				CLANG_WARN__DUPLICATE_METHOD_MATCH = YES;
				"CODE_SIGN_IDENTITY[sdk=iphoneos*]" = "iPhone Developer";
				COPY_PHASE_STRIP = NO;
				CURRENT_PROJECT_VERSION = 1;
				DEBUG_INFORMATION_FORMAT = dwarf;
				ENABLE_STRICT_OBJC_MSGSEND = YES;
				ENABLE_TESTABILITY = YES;
				GCC_C_LANGUAGE_STANDARD = gnu99;
				GCC_DYNAMIC_NO_PIC = NO;
				GCC_NO_COMMON_BLOCKS = YES;
				GCC_OPTIMIZATION_LEVEL = 0;
				GCC_PREPROCESSOR_DEFINITIONS = (
					"DEBUG=1",
					"$(inherited)",
				);
				GCC_WARN_64_TO_32_BIT_CONVERSION = YES;
				GCC_WARN_ABOUT_RETURN_TYPE = YES_ERROR;
				GCC_WARN_UNDECLARED_SELECTOR = YES;
				GCC_WARN_UNINITIALIZED_AUTOS = YES_AGGRESSIVE;
				GCC_WARN_UNUSED_FUNCTION = YES;
				GCC_WARN_UNUSED_VARIABLE = YES;
				IPHONEOS_DEPLOYMENT_TARGET = 9.3;
				MTL_ENABLE_DEBUG_INFO = YES;
				ONLY_ACTIVE_ARCH = YES;
				SDKROOT = iphoneos;
				SWIFT_OPTIMIZATION_LEVEL = "-Onone";
				TARGETED_DEVICE_FAMILY = "1,2";
				VERSIONING_SYSTEM = "apple-generic";
				VERSION_INFO_PREFIX = "";
			};
			name = Debug;
		};
		D84BD3831D3C23B500D0EB79 /* Release */ = {
			isa = XCBuildConfiguration;
			buildSettings = {
				ALWAYS_SEARCH_USER_PATHS = NO;
				CLANG_ANALYZER_NONNULL = YES;
				CLANG_CXX_LANGUAGE_STANDARD = "gnu++0x";
				CLANG_CXX_LIBRARY = "libc++";
				CLANG_ENABLE_MODULES = YES;
				CLANG_ENABLE_OBJC_ARC = YES;
				CLANG_WARN_BOOL_CONVERSION = YES;
				CLANG_WARN_CONSTANT_CONVERSION = YES;
				CLANG_WARN_DIRECT_OBJC_ISA_USAGE = YES_ERROR;
				CLANG_WARN_EMPTY_BODY = YES;
				CLANG_WARN_ENUM_CONVERSION = YES;
				CLANG_WARN_INT_CONVERSION = YES;
				CLANG_WARN_OBJC_ROOT_CLASS = YES_ERROR;
				CLANG_WARN_UNREACHABLE_CODE = YES;
				CLANG_WARN__DUPLICATE_METHOD_MATCH = YES;
				"CODE_SIGN_IDENTITY[sdk=iphoneos*]" = "iPhone Developer";
				COPY_PHASE_STRIP = NO;
				CURRENT_PROJECT_VERSION = 1;
				DEBUG_INFORMATION_FORMAT = "dwarf-with-dsym";
				ENABLE_NS_ASSERTIONS = NO;
				ENABLE_STRICT_OBJC_MSGSEND = YES;
				GCC_C_LANGUAGE_STANDARD = gnu99;
				GCC_NO_COMMON_BLOCKS = YES;
				GCC_WARN_64_TO_32_BIT_CONVERSION = YES;
				GCC_WARN_ABOUT_RETURN_TYPE = YES_ERROR;
				GCC_WARN_UNDECLARED_SELECTOR = YES;
				GCC_WARN_UNINITIALIZED_AUTOS = YES_AGGRESSIVE;
				GCC_WARN_UNUSED_FUNCTION = YES;
				GCC_WARN_UNUSED_VARIABLE = YES;
				IPHONEOS_DEPLOYMENT_TARGET = 9.3;
				MTL_ENABLE_DEBUG_INFO = NO;
				SDKROOT = iphoneos;
				TARGETED_DEVICE_FAMILY = "1,2";
				VALIDATE_PRODUCT = YES;
				VERSIONING_SYSTEM = "apple-generic";
				VERSION_INFO_PREFIX = "";
			};
			name = Release;
		};
		D84BD3851D3C23B500D0EB79 /* Debug */ = {
			isa = XCBuildConfiguration;
			baseConfigurationReference = 1D1D4D2014AD775B597A452A /* Pods-TemplateKit.debug.xcconfig */;
			buildSettings = {
				CLANG_ENABLE_MODULES = YES;
				DEFINES_MODULE = YES;
				DYLIB_COMPATIBILITY_VERSION = 1;
				DYLIB_CURRENT_VERSION = 1;
				DYLIB_INSTALL_NAME_BASE = "@rpath";
				INFOPLIST_FILE = Sources/Info.plist;
				INSTALL_PATH = "$(LOCAL_LIBRARY_DIR)/Frameworks";
				LD_RUNPATH_SEARCH_PATHS = "$(inherited) @executable_path/Frameworks @loader_path/Frameworks";
				PRODUCT_BUNDLE_IDENTIFIER = com.matiascudich.TemplateKit;
				PRODUCT_NAME = "$(TARGET_NAME)";
				SKIP_INSTALL = YES;
				SWIFT_OPTIMIZATION_LEVEL = "-Onone";
			};
			name = Debug;
		};
		D84BD3861D3C23B500D0EB79 /* Release */ = {
			isa = XCBuildConfiguration;
			baseConfigurationReference = BEEA8BE0DC5A72A53D67E08F /* Pods-TemplateKit.release.xcconfig */;
			buildSettings = {
				CLANG_ENABLE_MODULES = YES;
				DEFINES_MODULE = YES;
				DYLIB_COMPATIBILITY_VERSION = 1;
				DYLIB_CURRENT_VERSION = 1;
				DYLIB_INSTALL_NAME_BASE = "@rpath";
				INFOPLIST_FILE = Sources/Info.plist;
				INSTALL_PATH = "$(LOCAL_LIBRARY_DIR)/Frameworks";
				LD_RUNPATH_SEARCH_PATHS = "$(inherited) @executable_path/Frameworks @loader_path/Frameworks";
				PRODUCT_BUNDLE_IDENTIFIER = com.matiascudich.TemplateKit;
				PRODUCT_NAME = "$(TARGET_NAME)";
				SKIP_INSTALL = YES;
			};
			name = Release;
		};
		D84BD3881D3C23B500D0EB79 /* Debug */ = {
			isa = XCBuildConfiguration;
			baseConfigurationReference = 51BBC9094D555F1D3755B1F3 /* Pods-TemplateKitTests.debug.xcconfig */;
			buildSettings = {
				INFOPLIST_FILE = Tests/Info.plist;
				LD_RUNPATH_SEARCH_PATHS = "$(inherited) @executable_path/Frameworks @loader_path/Frameworks";
				PRODUCT_BUNDLE_IDENTIFIER = com.matiascudich.TemplateKitTests;
				PRODUCT_NAME = "$(TARGET_NAME)";
			};
			name = Debug;
		};
		D84BD3891D3C23B500D0EB79 /* Release */ = {
			isa = XCBuildConfiguration;
			baseConfigurationReference = 6CEB251A15A49CC987CD60EE /* Pods-TemplateKitTests.release.xcconfig */;
			buildSettings = {
				INFOPLIST_FILE = Tests/Info.plist;
				LD_RUNPATH_SEARCH_PATHS = "$(inherited) @executable_path/Frameworks @loader_path/Frameworks";
				PRODUCT_BUNDLE_IDENTIFIER = com.matiascudich.TemplateKitTests;
				PRODUCT_NAME = "$(TARGET_NAME)";
			};
			name = Release;
		};
/* End XCBuildConfiguration section */

/* Begin XCConfigurationList section */
		D84BD36A1D3C23B500D0EB79 /* Build configuration list for PBXProject "TemplateKit" */ = {
			isa = XCConfigurationList;
			buildConfigurations = (
				D84BD3821D3C23B500D0EB79 /* Debug */,
				D84BD3831D3C23B500D0EB79 /* Release */,
			);
			defaultConfigurationIsVisible = 0;
			defaultConfigurationName = Release;
		};
		D84BD3841D3C23B500D0EB79 /* Build configuration list for PBXNativeTarget "TemplateKit" */ = {
			isa = XCConfigurationList;
			buildConfigurations = (
				D84BD3851D3C23B500D0EB79 /* Debug */,
				D84BD3861D3C23B500D0EB79 /* Release */,
			);
			defaultConfigurationIsVisible = 0;
			defaultConfigurationName = Release;
		};
		D84BD3871D3C23B500D0EB79 /* Build configuration list for PBXNativeTarget "TemplateKitTests" */ = {
			isa = XCConfigurationList;
			buildConfigurations = (
				D84BD3881D3C23B500D0EB79 /* Debug */,
				D84BD3891D3C23B500D0EB79 /* Release */,
			);
			defaultConfigurationIsVisible = 0;
			defaultConfigurationName = Release;
		};
/* End XCConfigurationList section */
	};
	rootObject = D84BD3671D3C23B500D0EB79 /* Project object */;
}
