// !$*UTF8*$!
{
	archiveVersion = 1;
	classes = {
	};
	objectVersion = 46;
	objects = {

/* Begin PBXBuildFile section */
		D8325EE41DA0E4AB00F3EC95 /* Header.css in Resources */ = {isa = PBXBuildFile; fileRef = D8325EE31DA0E4AB00F3EC95 /* Header.css */; };
		D8325EE61DA0E5C700F3EC95 /* Common.css in Resources */ = {isa = PBXBuildFile; fileRef = D8325EE51DA0E5C700F3EC95 /* Common.css */; };
		D856A0571D91C1540049467E /* App.swift in Sources */ = {isa = PBXBuildFile; fileRef = D856A0561D91C1540049467E /* App.swift */; };
		D856A0591D91C7180049467E /* Todos.swift in Sources */ = {isa = PBXBuildFile; fileRef = D856A0581D91C7180049467E /* Todos.swift */; };
		D856A05B1D91D8A60049467E /* Header.xml in Resources */ = {isa = PBXBuildFile; fileRef = D856A05A1D91D8A60049467E /* Header.xml */; };
		D89194C31D57FD6F0049991F /* AppDelegate.swift in Sources */ = {isa = PBXBuildFile; fileRef = D89194C21D57FD6F0049991F /* AppDelegate.swift */; };
		D89194C51D57FD6F0049991F /* ViewController.swift in Sources */ = {isa = PBXBuildFile; fileRef = D89194C41D57FD6F0049991F /* ViewController.swift */; };
		D89194C81D57FD6F0049991F /* Main.storyboard in Resources */ = {isa = PBXBuildFile; fileRef = D89194C61D57FD6F0049991F /* Main.storyboard */; };
		D89194CA1D57FD6F0049991F /* Assets.xcassets in Resources */ = {isa = PBXBuildFile; fileRef = D89194C91D57FD6F0049991F /* Assets.xcassets */; };
		D89194CD1D57FD6F0049991F /* LaunchScreen.storyboard in Resources */ = {isa = PBXBuildFile; fileRef = D89194CB1D57FD6F0049991F /* LaunchScreen.storyboard */; };
		D8D7D19D1D9204E200A745D8 /* Todo.swift in Sources */ = {isa = PBXBuildFile; fileRef = D8D7D19C1D9204E200A745D8 /* Todo.swift */; };
		D8D7D19F1D92072D00A745D8 /* Todo.xml in Resources */ = {isa = PBXBuildFile; fileRef = D8D7D19E1D92072D00A745D8 /* Todo.xml */; };
		D8D7D1A11D946F9600A745D8 /* Footer.swift in Sources */ = {isa = PBXBuildFile; fileRef = D8D7D1A01D946F9600A745D8 /* Footer.swift */; };
		D8D7D1A31D94704200A745D8 /* Footer.xml in Resources */ = {isa = PBXBuildFile; fileRef = D8D7D1A21D94704200A745D8 /* Footer.xml */; };
		D8E6615D1D923C25005D8C4F /* TemplateKit.framework in Frameworks */ = {isa = PBXBuildFile; fileRef = D8E6615C1D923C25005D8C4F /* TemplateKit.framework */; };
/* End PBXBuildFile section */

/* Begin PBXFileReference section */
		D8325EE31DA0E4AB00F3EC95 /* Header.css */ = {isa = PBXFileReference; fileEncoding = 4; lastKnownFileType = text.css; path = Header.css; sourceTree = "<group>"; };
		D8325EE51DA0E5C700F3EC95 /* Common.css */ = {isa = PBXFileReference; fileEncoding = 4; lastKnownFileType = text.css; path = Common.css; sourceTree = "<group>"; };
		D856A0561D91C1540049467E /* App.swift */ = {isa = PBXFileReference; fileEncoding = 4; lastKnownFileType = sourcecode.swift; path = App.swift; sourceTree = "<group>"; };
		D856A0581D91C7180049467E /* Todos.swift */ = {isa = PBXFileReference; fileEncoding = 4; lastKnownFileType = sourcecode.swift; path = Todos.swift; sourceTree = "<group>"; };
		D856A05A1D91D8A60049467E /* Header.xml */ = {isa = PBXFileReference; fileEncoding = 4; lastKnownFileType = text.xml; path = Header.xml; sourceTree = "<group>"; };
		D89194BF1D57FD6F0049991F /* Example.app */ = {isa = PBXFileReference; explicitFileType = wrapper.application; includeInIndex = 0; path = Example.app; sourceTree = BUILT_PRODUCTS_DIR; };
		D89194C21D57FD6F0049991F /* AppDelegate.swift */ = {isa = PBXFileReference; lastKnownFileType = sourcecode.swift; path = AppDelegate.swift; sourceTree = "<group>"; };
		D89194C41D57FD6F0049991F /* ViewController.swift */ = {isa = PBXFileReference; lastKnownFileType = sourcecode.swift; path = ViewController.swift; sourceTree = "<group>"; };
		D89194C71D57FD6F0049991F /* Base */ = {isa = PBXFileReference; lastKnownFileType = file.storyboard; name = Base; path = Base.lproj/Main.storyboard; sourceTree = "<group>"; };
		D89194C91D57FD6F0049991F /* Assets.xcassets */ = {isa = PBXFileReference; lastKnownFileType = folder.assetcatalog; path = Assets.xcassets; sourceTree = "<group>"; };
		D89194CC1D57FD6F0049991F /* Base */ = {isa = PBXFileReference; lastKnownFileType = file.storyboard; name = Base; path = Base.lproj/LaunchScreen.storyboard; sourceTree = "<group>"; };
		D89194CE1D57FD6F0049991F /* Info.plist */ = {isa = PBXFileReference; lastKnownFileType = text.plist.xml; path = Info.plist; sourceTree = "<group>"; };
		D8C9FFE61D91FCEA00C7E59E /* CSSLayout.framework */ = {isa = PBXFileReference; lastKnownFileType = wrapper.framework; name = CSSLayout.framework; path = "../../../Library/Developer/Xcode/DerivedData/TemplateKit-dlothccfmiiohthdoibxrmvczhby/Build/Products/Debug-iphoneos/CSSLayout.framework"; sourceTree = "<group>"; };
		D8D7D19C1D9204E200A745D8 /* Todo.swift */ = {isa = PBXFileReference; fileEncoding = 4; lastKnownFileType = sourcecode.swift; path = Todo.swift; sourceTree = "<group>"; };
		D8D7D19E1D92072D00A745D8 /* Todo.xml */ = {isa = PBXFileReference; fileEncoding = 4; lastKnownFileType = text.xml; path = Todo.xml; sourceTree = "<group>"; };
		D8D7D1A01D946F9600A745D8 /* Footer.swift */ = {isa = PBXFileReference; fileEncoding = 4; lastKnownFileType = sourcecode.swift; path = Footer.swift; sourceTree = "<group>"; };
		D8D7D1A21D94704200A745D8 /* Footer.xml */ = {isa = PBXFileReference; fileEncoding = 4; lastKnownFileType = text.xml; path = Footer.xml; sourceTree = "<group>"; };
		D8E6615C1D923C25005D8C4F /* TemplateKit.framework */ = {isa = PBXFileReference; lastKnownFileType = wrapper.framework; name = TemplateKit.framework; path = "../build/Debug-iphoneos/TemplateKit.framework"; sourceTree = "<group>"; };
/* End PBXFileReference section */

/* Begin PBXFrameworksBuildPhase section */
		D89194BC1D57FD6F0049991F /* Frameworks */ = {
			isa = PBXFrameworksBuildPhase;
			buildActionMask = 2147483647;
			files = (
				D8E6615D1D923C25005D8C4F /* TemplateKit.framework in Frameworks */,
			);
			runOnlyForDeploymentPostprocessing = 0;
		};
/* End PBXFrameworksBuildPhase section */

/* Begin PBXGroup section */
		D89194B61D57FD6F0049991F = {
			isa = PBXGroup;
			children = (
				D89194C11D57FD6F0049991F /* Example */,
				D89194C01D57FD6F0049991F /* Products */,
				D8C9FFE51D91FCEA00C7E59E /* Frameworks */,
			);
			sourceTree = "<group>";
		};
		D89194C01D57FD6F0049991F /* Products */ = {
			isa = PBXGroup;
			children = (
				D89194BF1D57FD6F0049991F /* Example.app */,
			);
			name = Products;
			sourceTree = "<group>";
		};
		D89194C11D57FD6F0049991F /* Example */ = {
			isa = PBXGroup;
			children = (
				D856A0561D91C1540049467E /* App.swift */,
				D89194C21D57FD6F0049991F /* AppDelegate.swift */,
				D8D7D1A01D946F9600A745D8 /* Footer.swift */,
				D8D7D19C1D9204E200A745D8 /* Todo.swift */,
				D856A0581D91C7180049467E /* Todos.swift */,
				D89194C41D57FD6F0049991F /* ViewController.swift */,
				D8325EE51DA0E5C700F3EC95 /* Common.css */,
				D8D7D1A21D94704200A745D8 /* Footer.xml */,
				D856A05A1D91D8A60049467E /* Header.xml */,
				D8325EE31DA0E4AB00F3EC95 /* Header.css */,
				D8D7D19E1D92072D00A745D8 /* Todo.xml */,
				D89194C91D57FD6F0049991F /* Assets.xcassets */,
				D89194CB1D57FD6F0049991F /* LaunchScreen.storyboard */,
				D89194C61D57FD6F0049991F /* Main.storyboard */,
				D89194CE1D57FD6F0049991F /* Info.plist */,
			);
			path = Example;
			sourceTree = "<group>";
		};
		D8C9FFE51D91FCEA00C7E59E /* Frameworks */ = {
			isa = PBXGroup;
			children = (
				D8E6615C1D923C25005D8C4F /* TemplateKit.framework */,
				D8C9FFE61D91FCEA00C7E59E /* CSSLayout.framework */,
			);
			name = Frameworks;
			sourceTree = "<group>";
		};
/* End PBXGroup section */

/* Begin PBXNativeTarget section */
		D89194BE1D57FD6F0049991F /* Example */ = {
			isa = PBXNativeTarget;
			buildConfigurationList = D89194D11D57FD6F0049991F /* Build configuration list for PBXNativeTarget "Example" */;
			buildPhases = (
				D89194BB1D57FD6F0049991F /* Sources */,
				D89194BC1D57FD6F0049991F /* Frameworks */,
				D89194BD1D57FD6F0049991F /* Resources */,
			);
			buildRules = (
			);
			dependencies = (
			);
			name = Example;
			productName = Example;
			productReference = D89194BF1D57FD6F0049991F /* Example.app */;
			productType = "com.apple.product-type.application";
		};
/* End PBXNativeTarget section */

/* Begin PBXProject section */
		D89194B71D57FD6F0049991F /* Project object */ = {
			isa = PBXProject;
			attributes = {
				LastSwiftUpdateCheck = 0730;
				LastUpgradeCheck = 0800;
				ORGANIZATIONNAME = "Matias Cudich";
				TargetAttributes = {
					D89194BE1D57FD6F0049991F = {
						CreatedOnToolsVersion = 7.3.1;
						DevelopmentTeam = 46UKZ786J3;
						LastSwiftMigration = 0800;
						ProvisioningStyle = Automatic;
					};
				};
			};
			buildConfigurationList = D89194BA1D57FD6F0049991F /* Build configuration list for PBXProject "Example" */;
			compatibilityVersion = "Xcode 3.2";
			developmentRegion = English;
			hasScannedForEncodings = 0;
			knownRegions = (
				en,
				Base,
			);
			mainGroup = D89194B61D57FD6F0049991F;
			productRefGroup = D89194C01D57FD6F0049991F /* Products */;
			projectDirPath = "";
			projectRoot = "";
			targets = (
				D89194BE1D57FD6F0049991F /* Example */,
			);
		};
/* End PBXProject section */

/* Begin PBXResourcesBuildPhase section */
		D89194BD1D57FD6F0049991F /* Resources */ = {
			isa = PBXResourcesBuildPhase;
			buildActionMask = 2147483647;
			files = (
				D8D7D1A31D94704200A745D8 /* Footer.xml in Resources */,
				D89194CD1D57FD6F0049991F /* LaunchScreen.storyboard in Resources */,
				D8325EE61DA0E5C700F3EC95 /* Common.css in Resources */,
				D8325EE41DA0E4AB00F3EC95 /* Header.css in Resources */,
				D89194CA1D57FD6F0049991F /* Assets.xcassets in Resources */,
				D8D7D19F1D92072D00A745D8 /* Todo.xml in Resources */,
				D856A05B1D91D8A60049467E /* Header.xml in Resources */,
				D89194C81D57FD6F0049991F /* Main.storyboard in Resources */,
			);
			runOnlyForDeploymentPostprocessing = 0;
		};
/* End PBXResourcesBuildPhase section */

/* Begin PBXSourcesBuildPhase section */
		D89194BB1D57FD6F0049991F /* Sources */ = {
			isa = PBXSourcesBuildPhase;
			buildActionMask = 2147483647;
			files = (
				D8D7D1A11D946F9600A745D8 /* Footer.swift in Sources */,
				D8D7D19D1D9204E200A745D8 /* Todo.swift in Sources */,
				D856A0571D91C1540049467E /* App.swift in Sources */,
				D856A0591D91C7180049467E /* Todos.swift in Sources */,
				D89194C51D57FD6F0049991F /* ViewController.swift in Sources */,
				D89194C31D57FD6F0049991F /* AppDelegate.swift in Sources */,
			);
			runOnlyForDeploymentPostprocessing = 0;
		};
/* End PBXSourcesBuildPhase section */

/* Begin PBXVariantGroup section */
		D89194C61D57FD6F0049991F /* Main.storyboard */ = {
			isa = PBXVariantGroup;
			children = (
				D89194C71D57FD6F0049991F /* Base */,
			);
			name = Main.storyboard;
			sourceTree = "<group>";
		};
		D89194CB1D57FD6F0049991F /* LaunchScreen.storyboard */ = {
			isa = PBXVariantGroup;
			children = (
				D89194CC1D57FD6F0049991F /* Base */,
			);
			name = LaunchScreen.storyboard;
			sourceTree = "<group>";
		};
/* End PBXVariantGroup section */

/* Begin XCBuildConfiguration section */
		D89194CF1D57FD6F0049991F /* Debug */ = {
			isa = XCBuildConfiguration;
			buildSettings = {
				ALWAYS_SEARCH_USER_PATHS = NO;
				CLANG_ANALYZER_NONNULL = YES;
				CLANG_CXX_LANGUAGE_STANDARD = "gnu++0x";
				CLANG_CXX_LIBRARY = "libc++";
				CLANG_ENABLE_MODULES = YES;
				CLANG_ENABLE_OBJC_ARC = YES;
				CLANG_WARN_BOOL_CONVERSION = YES;
				CLANG_WARN_CONSTANT_CONVERSION = YES;
				CLANG_WARN_DIRECT_OBJC_ISA_USAGE = YES_ERROR;
				CLANG_WARN_EMPTY_BODY = YES;
				CLANG_WARN_ENUM_CONVERSION = YES;
				CLANG_WARN_INFINITE_RECURSION = YES;
				CLANG_WARN_INT_CONVERSION = YES;
				CLANG_WARN_OBJC_ROOT_CLASS = YES_ERROR;
				CLANG_WARN_SUSPICIOUS_MOVE = YES;
				CLANG_WARN_UNREACHABLE_CODE = YES;
				CLANG_WARN__DUPLICATE_METHOD_MATCH = YES;
				"CODE_SIGN_IDENTITY[sdk=iphoneos*]" = "iPhone Developer";
				COPY_PHASE_STRIP = NO;
				DEBUG_INFORMATION_FORMAT = dwarf;
				ENABLE_STRICT_OBJC_MSGSEND = YES;
				ENABLE_TESTABILITY = YES;
				GCC_C_LANGUAGE_STANDARD = gnu99;
				GCC_DYNAMIC_NO_PIC = NO;
				GCC_NO_COMMON_BLOCKS = YES;
				GCC_OPTIMIZATION_LEVEL = 0;
				GCC_PREPROCESSOR_DEFINITIONS = (
					"DEBUG=1",
					"$(inherited)",
				);
				GCC_WARN_64_TO_32_BIT_CONVERSION = YES;
				GCC_WARN_ABOUT_RETURN_TYPE = YES_ERROR;
				GCC_WARN_UNDECLARED_SELECTOR = YES;
				GCC_WARN_UNINITIALIZED_AUTOS = YES_AGGRESSIVE;
				GCC_WARN_UNUSED_FUNCTION = YES;
				GCC_WARN_UNUSED_VARIABLE = YES;
				IPHONEOS_DEPLOYMENT_TARGET = 9.3;
				MTL_ENABLE_DEBUG_INFO = YES;
				ONLY_ACTIVE_ARCH = YES;
				SDKROOT = iphoneos;
				SWIFT_OPTIMIZATION_LEVEL = "-Onone";
			};
			name = Debug;
		};
		D89194D01D57FD6F0049991F /* Release */ = {
			isa = XCBuildConfiguration;
			buildSettings = {
				ALWAYS_SEARCH_USER_PATHS = NO;
				CLANG_ANALYZER_NONNULL = YES;
				CLANG_CXX_LANGUAGE_STANDARD = "gnu++0x";
				CLANG_CXX_LIBRARY = "libc++";
				CLANG_ENABLE_MODULES = YES;
				CLANG_ENABLE_OBJC_ARC = YES;
				CLANG_WARN_BOOL_CONVERSION = YES;
				CLANG_WARN_CONSTANT_CONVERSION = YES;
				CLANG_WARN_DIRECT_OBJC_ISA_USAGE = YES_ERROR;
				CLANG_WARN_EMPTY_BODY = YES;
				CLANG_WARN_ENUM_CONVERSION = YES;
				CLANG_WARN_INFINITE_RECURSION = YES;
				CLANG_WARN_INT_CONVERSION = YES;
				CLANG_WARN_OBJC_ROOT_CLASS = YES_ERROR;
				CLANG_WARN_SUSPICIOUS_MOVE = YES;
				CLANG_WARN_UNREACHABLE_CODE = YES;
				CLANG_WARN__DUPLICATE_METHOD_MATCH = YES;
				"CODE_SIGN_IDENTITY[sdk=iphoneos*]" = "iPhone Developer";
				COPY_PHASE_STRIP = NO;
				DEBUG_INFORMATION_FORMAT = "dwarf-with-dsym";
				ENABLE_NS_ASSERTIONS = NO;
				ENABLE_STRICT_OBJC_MSGSEND = YES;
				GCC_C_LANGUAGE_STANDARD = gnu99;
				GCC_NO_COMMON_BLOCKS = YES;
				GCC_WARN_64_TO_32_BIT_CONVERSION = YES;
				GCC_WARN_ABOUT_RETURN_TYPE = YES_ERROR;
				GCC_WARN_UNDECLARED_SELECTOR = YES;
				GCC_WARN_UNINITIALIZED_AUTOS = YES_AGGRESSIVE;
				GCC_WARN_UNUSED_FUNCTION = YES;
				GCC_WARN_UNUSED_VARIABLE = YES;
				IPHONEOS_DEPLOYMENT_TARGET = 9.3;
				MTL_ENABLE_DEBUG_INFO = NO;
				SDKROOT = iphoneos;
				VALIDATE_PRODUCT = YES;
			};
			name = Release;
		};
		D89194D21D57FD6F0049991F /* Debug */ = {
			isa = XCBuildConfiguration;
			buildSettings = {
				ASSETCATALOG_COMPILER_APPICON_NAME = AppIcon;
				"CODE_SIGN_IDENTITY[sdk=iphoneos*]" = "iPhone Developer";
				DEVELOPMENT_TEAM = 46UKZ786J3;
				INFOPLIST_FILE = Example/Info.plist;
				LD_RUNPATH_SEARCH_PATHS = "$(inherited) @executable_path/Frameworks";
				PRODUCT_BUNDLE_IDENTIFIER = com.matiascudich.Example;
				PRODUCT_NAME = "$(TARGET_NAME)";
				SWIFT_VERSION = 3.0;
			};
			name = Debug;
		};
		D89194D31D57FD6F0049991F /* Release */ = {
			isa = XCBuildConfiguration;
			buildSettings = {
				ASSETCATALOG_COMPILER_APPICON_NAME = AppIcon;
				"CODE_SIGN_IDENTITY[sdk=iphoneos*]" = "iPhone Developer";
				DEVELOPMENT_TEAM = 46UKZ786J3;
				INFOPLIST_FILE = Example/Info.plist;
				LD_RUNPATH_SEARCH_PATHS = "$(inherited) @executable_path/Frameworks";
				PRODUCT_BUNDLE_IDENTIFIER = com.matiascudich.Example;
				PRODUCT_NAME = "$(TARGET_NAME)";
				SWIFT_OPTIMIZATION_LEVEL = "-Owholemodule";
				SWIFT_VERSION = 3.0;
			};
			name = Release;
		};
/* End XCBuildConfiguration section */

/* Begin XCConfigurationList section */
		D89194BA1D57FD6F0049991F /* Build configuration list for PBXProject "Example" */ = {
			isa = XCConfigurationList;
			buildConfigurations = (
				D89194CF1D57FD6F0049991F /* Debug */,
				D89194D01D57FD6F0049991F /* Release */,
			);
			defaultConfigurationIsVisible = 0;
			defaultConfigurationName = Release;
		};
		D89194D11D57FD6F0049991F /* Build configuration list for PBXNativeTarget "Example" */ = {
			isa = XCConfigurationList;
			buildConfigurations = (
				D89194D21D57FD6F0049991F /* Debug */,
				D89194D31D57FD6F0049991F /* Release */,
			);
			defaultConfigurationIsVisible = 0;
			defaultConfigurationName = Release;
		};
/* End XCConfigurationList section */
	};
	rootObject = D89194B71D57FD6F0049991F /* Project object */;
}
